// !$*UTF8*$!
{
	archiveVersion = 1;
	classes = {
	};
	objectVersion = 55;
	objects = {

/* Begin PBXBuildFile section */
		2302A61127C4FB6200B03A49 /* HistoryTVC.swift in Sources */ = {isa = PBXBuildFile; fileRef = 2302A61027C4FB6200B03A49 /* HistoryTVC.swift */; };
		2305120D27AEE52100CF7FCF /* UIButton+.swift in Sources */ = {isa = PBXBuildFile; fileRef = 2305120C27AEE52100CF7FCF /* UIButton+.swift */; };
		232302FC27AFC13200E20078 /* CommentTVC.swift in Sources */ = {isa = PBXBuildFile; fileRef = 232302FA27AFC13200E20078 /* CommentTVC.swift */; };
		232302FD27AFC13200E20078 /* CommentTVC.xib in Resources */ = {isa = PBXBuildFile; fileRef = 232302FB27AFC13200E20078 /* CommentTVC.xib */; };
		232302FF27AFD18000E20078 /* UITextView+.swift in Sources */ = {isa = PBXBuildFile; fileRef = 232302FE27AFD18000E20078 /* UITextView+.swift */; };
		2323030127B027CE00E20078 /* CommentCountTVC.swift in Sources */ = {isa = PBXBuildFile; fileRef = 2323030027B027CE00E20078 /* CommentCountTVC.swift */; };
		2323030427B02D9200E20078 /* ChatInputView.swift in Sources */ = {isa = PBXBuildFile; fileRef = 2323030227B02D9200E20078 /* ChatInputView.swift */; };
		2323030527B02D9200E20078 /* ChatInputView.xib in Resources */ = {isa = PBXBuildFile; fileRef = 2323030327B02D9200E20078 /* ChatInputView.xib */; };
		2323030927B035ED00E20078 /* UITextField+.swift in Sources */ = {isa = PBXBuildFile; fileRef = 2323030827B035ED00E20078 /* UITextField+.swift */; };
		2327FD7D27C6730B007D65F4 /* SearchedUserTVC.swift in Sources */ = {isa = PBXBuildFile; fileRef = 2327FD7B27C6730B007D65F4 /* SearchedUserTVC.swift */; };
		2327FD7E27C6730B007D65F4 /* SearchedUserTVC.xib in Resources */ = {isa = PBXBuildFile; fileRef = 2327FD7C27C6730B007D65F4 /* SearchedUserTVC.xib */; };
		232CC01527A0317900040131 /* AppDelegate.swift in Sources */ = {isa = PBXBuildFile; fileRef = 232CC01427A0317900040131 /* AppDelegate.swift */; };
		232CC01E27A0317900040131 /* Assets.xcassets in Resources */ = {isa = PBXBuildFile; fileRef = 232CC01D27A0317900040131 /* Assets.xcassets */; };
		232CC02127A0317900040131 /* LaunchScreen.storyboard in Resources */ = {isa = PBXBuildFile; fileRef = 232CC01F27A0317900040131 /* LaunchScreen.storyboard */; };
		232CC03627A0326500040131 /* HomeVC.swift in Sources */ = {isa = PBXBuildFile; fileRef = 232CC03527A0326500040131 /* HomeVC.swift */; };
		232CC03827A0326C00040131 /* Home.storyboard in Resources */ = {isa = PBXBuildFile; fileRef = 232CC03727A0326C00040131 /* Home.storyboard */; };
		232CC03A27A0327B00040131 /* HomeVM.swift in Sources */ = {isa = PBXBuildFile; fileRef = 232CC03927A0327B00040131 /* HomeVM.swift */; };
		232CC03C27A0328000040131 /* HomeModel.swift in Sources */ = {isa = PBXBuildFile; fileRef = 232CC03B27A0328000040131 /* HomeModel.swift */; };
		232CC03E27A0328600040131 /* c.swift in Sources */ = {isa = PBXBuildFile; fileRef = 232CC03D27A0328600040131 /* c.swift */; };
		232CC04027A0328B00040131 /* d.swift in Sources */ = {isa = PBXBuildFile; fileRef = 232CC03F27A0328B00040131 /* d.swift */; };
		232CC04A27A032CF00040131 /* CommunityVC.swift in Sources */ = {isa = PBXBuildFile; fileRef = 232CC04927A032CF00040131 /* CommunityVC.swift */; };
		232CC04C27A032D700040131 /* Community.storyboard in Resources */ = {isa = PBXBuildFile; fileRef = 232CC04B27A032D700040131 /* Community.storyboard */; };
		232CC05E27A0333500040131 /* MypageVC.swift in Sources */ = {isa = PBXBuildFile; fileRef = 232CC05D27A0333500040131 /* MypageVC.swift */; };
		232CC06027A0334100040131 /* Mypage.storyboard in Resources */ = {isa = PBXBuildFile; fileRef = 232CC05F27A0334100040131 /* Mypage.storyboard */; };
		232CC06227A0335500040131 /* i.swift in Sources */ = {isa = PBXBuildFile; fileRef = 232CC06127A0335500040131 /* i.swift */; };
		232CC06427A0335C00040131 /* j.swift in Sources */ = {isa = PBXBuildFile; fileRef = 232CC06327A0335C00040131 /* j.swift */; };
		232CC06627A0336100040131 /* k.swift in Sources */ = {isa = PBXBuildFile; fileRef = 232CC06527A0336100040131 /* k.swift */; };
		232CC06827A0336600040131 /* l.swift in Sources */ = {isa = PBXBuildFile; fileRef = 232CC06727A0336600040131 /* l.swift */; };
		232CC07127A0367C00040131 /* Identifiers.swift in Sources */ = {isa = PBXBuildFile; fileRef = 232CC07027A0367C00040131 /* Identifiers.swift */; };
		232CC07327A036FC00040131 /* StoryboardRepresentation.swift in Sources */ = {isa = PBXBuildFile; fileRef = 232CC07227A036FC00040131 /* StoryboardRepresentation.swift */; };
		232CC07527A0370D00040131 /* TypeOfViewController.swift in Sources */ = {isa = PBXBuildFile; fileRef = 232CC07427A0370D00040131 /* TypeOfViewController.swift */; };
		232CC07727A0372300040131 /* ViewControllerFactory.swift in Sources */ = {isa = PBXBuildFile; fileRef = 232CC07627A0372300040131 /* ViewControllerFactory.swift */; };
		232CC08727A038FB00040131 /* UIColor+.swift in Sources */ = {isa = PBXBuildFile; fileRef = 232CC08627A038FB00040131 /* UIColor+.swift */; };
		232CC08927A0390B00040131 /* UIFont+.swift in Sources */ = {isa = PBXBuildFile; fileRef = 232CC08827A0390B00040131 /* UIFont+.swift */; };
		232CC0A227A03B4100040131 /* TabBar.storyboard in Resources */ = {isa = PBXBuildFile; fileRef = 232CC0A127A03B4100040131 /* TabBar.storyboard */; };
		232CC0A427A03B8F00040131 /* ITZZATBC.swift in Sources */ = {isa = PBXBuildFile; fileRef = 232CC0A327A03B8F00040131 /* ITZZATBC.swift */; };
		2335241327A98D57009C654F /* PostDataSource.swift in Sources */ = {isa = PBXBuildFile; fileRef = 2335241227A98D57009C654F /* PostDataSource.swift */; };
		2335241727A98FA0009C654F /* ProfileHeaderView.swift in Sources */ = {isa = PBXBuildFile; fileRef = 2335241527A98FA0009C654F /* ProfileHeaderView.swift */; };
		2335241827A98FA0009C654F /* ProfileHeaderView.xib in Resources */ = {isa = PBXBuildFile; fileRef = 2335241627A98FA0009C654F /* ProfileHeaderView.xib */; };
		2335241F27A99392009C654F /* PostButtonsView.swift in Sources */ = {isa = PBXBuildFile; fileRef = 2335241D27A99392009C654F /* PostButtonsView.swift */; };
		2335242027A99392009C654F /* PostButtonsView.xib in Resources */ = {isa = PBXBuildFile; fileRef = 2335241E27A99392009C654F /* PostButtonsView.xib */; };
		233B636927AF9D8C00914F60 /* PostDetail.storyboard in Resources */ = {isa = PBXBuildFile; fileRef = 233B636827AF9D8C00914F60 /* PostDetail.storyboard */; };
		233B636B27AF9D9D00914F60 /* PostDetailVC.swift in Sources */ = {isa = PBXBuildFile; fileRef = 233B636A27AF9D9D00914F60 /* PostDetailVC.swift */; };
		233B636D27AFAE2400914F60 /* PostContentView.swift in Sources */ = {isa = PBXBuildFile; fileRef = 233B636C27AFAE2400914F60 /* PostContentView.swift */; };
		233B636F27AFAE3100914F60 /* PostContentView.xib in Resources */ = {isa = PBXBuildFile; fileRef = 233B636E27AFAE3100914F60 /* PostContentView.xib */; };
		233FE3D027C40AEE00A1A8C3 /* CommentModel.swift in Sources */ = {isa = PBXBuildFile; fileRef = 233FE3CF27C40AEE00A1A8C3 /* CommentModel.swift */; };
		2343A67027C7FDBE00117742 /* SearchKeywordModel.swift in Sources */ = {isa = PBXBuildFile; fileRef = 2343A66F27C7FDBE00117742 /* SearchKeywordModel.swift */; };
		2343A67227C8126600117742 /* SearchedResultModel.swift in Sources */ = {isa = PBXBuildFile; fileRef = 2343A67127C8126600117742 /* SearchedResultModel.swift */; };
		2343A67627C8B18000117742 /* NoneSearchedContentTVC.xib in Resources */ = {isa = PBXBuildFile; fileRef = 2343A67427C8B18000117742 /* NoneSearchedContentTVC.xib */; };
		2356305627BFA1D10032E520 /* SpoqaHanSansNeo-Bold.otf in Resources */ = {isa = PBXBuildFile; fileRef = 2356305127BFA1CC0032E520 /* SpoqaHanSansNeo-Bold.otf */; };
		2356305727BFA1D10032E520 /* SpoqaHanSansNeo-Regular.otf in Resources */ = {isa = PBXBuildFile; fileRef = 2356305427BFA1CC0032E520 /* SpoqaHanSansNeo-Regular.otf */; };
		2356305827BFA1D10032E520 /* SpoqaHanSansNeo-Medium.otf in Resources */ = {isa = PBXBuildFile; fileRef = 2356305527BFA1CC0032E520 /* SpoqaHanSansNeo-Medium.otf */; };
		2356305927BFA1D10032E520 /* SpoqaHanSansNeo-Thin.otf in Resources */ = {isa = PBXBuildFile; fileRef = 2356305327BFA1CC0032E520 /* SpoqaHanSansNeo-Thin.otf */; };
		2356305A27BFA1D10032E520 /* SpoqaHanSansNeo-Light.otf in Resources */ = {isa = PBXBuildFile; fileRef = 2356305227BFA1CC0032E520 /* SpoqaHanSansNeo-Light.otf */; };
		235DCED627C13DA10034D4C1 /* ImageCollectionView.swift in Sources */ = {isa = PBXBuildFile; fileRef = 235DCED427C13DA10034D4C1 /* ImageCollectionView.swift */; };
		235DCED727C13DA10034D4C1 /* ImageCollectionView.xib in Resources */ = {isa = PBXBuildFile; fileRef = 235DCED527C13DA10034D4C1 /* ImageCollectionView.xib */; };
		235DCED927C13E5D0034D4C1 /* AddedImageCVC.xib in Resources */ = {isa = PBXBuildFile; fileRef = 235DCED827C13E5D0034D4C1 /* AddedImageCVC.xib */; };
		2368021127B2965B00A4392B /* PostContentTableViewHeader.swift in Sources */ = {isa = PBXBuildFile; fileRef = 2368021027B2965B00A4392B /* PostContentTableViewHeader.swift */; };
		2368021327B2966800A4392B /* PostContentTableViewHeader.xib in Resources */ = {isa = PBXBuildFile; fileRef = 2368021227B2966800A4392B /* PostContentTableViewHeader.xib */; };
		236C98DE27B239C200CE1EFD /* UIView+.swift in Sources */ = {isa = PBXBuildFile; fileRef = 236C98DD27B239C200CE1EFD /* UIView+.swift */; };
		236C9EA627C10D4600B0BADA /* ImageScrollView.swift in Sources */ = {isa = PBXBuildFile; fileRef = 236C9EA427C10D4600B0BADA /* ImageScrollView.swift */; };
		236C9EA727C10D4600B0BADA /* ImageScrollView.xib in Resources */ = {isa = PBXBuildFile; fileRef = 236C9EA527C10D4600B0BADA /* ImageScrollView.xib */; };
		23765D6B27C8DCAB0001D525 /* OnboardingVC.swift in Sources */ = {isa = PBXBuildFile; fileRef = 23765D6A27C8DCAB0001D525 /* OnboardingVC.swift */; };
		23765D6D27C8DCDD0001D525 /* Onboarding.storyboard in Resources */ = {isa = PBXBuildFile; fileRef = 23765D6C27C8DCDD0001D525 /* Onboarding.storyboard */; };
		2376DA7627BA850700E4A0E8 /* CommunityType.swift in Sources */ = {isa = PBXBuildFile; fileRef = 2376DA7527BA850700E4A0E8 /* CommunityType.swift */; };
		2387375227C67E3F0060971E /* UserPostList.storyboard in Resources */ = {isa = PBXBuildFile; fileRef = 2387375127C67E3F0060971E /* UserPostList.storyboard */; };
		2387375427C67E480060971E /* UserPostListVC.swift in Sources */ = {isa = PBXBuildFile; fileRef = 2387375327C67E480060971E /* UserPostListVC.swift */; };
		238CEEA027A7DEA0006BE766 /* CommunityNC.swift in Sources */ = {isa = PBXBuildFile; fileRef = 238CEE9F27A7DEA0006BE766 /* CommunityNC.swift */; };
		238CEEA227A7DFCF006BE766 /* NavigationController+.swift in Sources */ = {isa = PBXBuildFile; fileRef = 238CEEA127A7DFCF006BE766 /* NavigationController+.swift */; };
		238CEEA427A7E6F1006BE766 /* Category.storyboard in Resources */ = {isa = PBXBuildFile; fileRef = 238CEEA327A7E6F1006BE766 /* Category.storyboard */; };
		238CEEA627A7E705006BE766 /* CategoryVC.swift in Sources */ = {isa = PBXBuildFile; fileRef = 238CEEA527A7E705006BE766 /* CategoryVC.swift */; };
		238CEEAA27A7EFD0006BE766 /* PostTVC.swift in Sources */ = {isa = PBXBuildFile; fileRef = 238CEEA927A7EFD0006BE766 /* PostTVC.swift */; };
		238CEEAE27A7F577006BE766 /* PostModel.swift in Sources */ = {isa = PBXBuildFile; fileRef = 238CEEAD27A7F577006BE766 /* PostModel.swift */; };
		238EC09627AA4C3B001CBB24 /* AddPost.storyboard in Resources */ = {isa = PBXBuildFile; fileRef = 238EC09527AA4C3B001CBB24 /* AddPost.storyboard */; };
		238EC09827AA4C4A001CBB24 /* AddPostVC.swift in Sources */ = {isa = PBXBuildFile; fileRef = 238EC09727AA4C4A001CBB24 /* AddPostVC.swift */; };
		238EC09A27AA7288001CBB24 /* SearchPost.storyboard in Resources */ = {isa = PBXBuildFile; fileRef = 238EC09927AA7288001CBB24 /* SearchPost.storyboard */; };
		238EC09C27AA7295001CBB24 /* SearchPostVC.swift in Sources */ = {isa = PBXBuildFile; fileRef = 238EC09B27AA7295001CBB24 /* SearchPostVC.swift */; };
		238EC09F27AA88EC001CBB24 /* ImageAddBar.swift in Sources */ = {isa = PBXBuildFile; fileRef = 238EC09D27AA88EC001CBB24 /* ImageAddBar.swift */; };
		238EC0A027AA88EC001CBB24 /* ImageAddBar.xib in Resources */ = {isa = PBXBuildFile; fileRef = 238EC09E27AA88EC001CBB24 /* ImageAddBar.xib */; };
		23A56BDA27B3F8BA00959269 /* UILabel+.swift in Sources */ = {isa = PBXBuildFile; fileRef = 23A56BD927B3F8BA00959269 /* UILabel+.swift */; };
		23AEE7B127C6481D00C79FF5 /* KeywordContentTVC.swift in Sources */ = {isa = PBXBuildFile; fileRef = 23AEE7AF27C6481D00C79FF5 /* KeywordContentTVC.swift */; };
		23AEE7B227C6481D00C79FF5 /* KeywordContentTVC.xib in Resources */ = {isa = PBXBuildFile; fileRef = 23AEE7B027C6481D00C79FF5 /* KeywordContentTVC.xib */; };
		23B4DEC727C74E1A0051ED87 /* ImagesModel.swift in Sources */ = {isa = PBXBuildFile; fileRef = 23B4DEC627C74E1A0051ED87 /* ImagesModel.swift */; };
		23B4DECE27C750B40051ED87 /* AlertView.swift in Sources */ = {isa = PBXBuildFile; fileRef = 23B4DECC27C750B40051ED87 /* AlertView.swift */; };
		23B4DECF27C750B40051ED87 /* AlertView.xib in Resources */ = {isa = PBXBuildFile; fileRef = 23B4DECD27C750B40051ED87 /* AlertView.xib */; };
		23B4DED127C772EC0051ED87 /* MenuBottomSheet.swift in Sources */ = {isa = PBXBuildFile; fileRef = 23B4DED027C772EC0051ED87 /* MenuBottomSheet.swift */; };
		23B66EBC27B813A500FC477D /* CategoryBottomSheetVC.swift in Sources */ = {isa = PBXBuildFile; fileRef = 23B66EBB27B813A500FC477D /* CategoryBottomSheetVC.swift */; };
		23BCDC2C27C211D300054334 /* Notification+Name.swift in Sources */ = {isa = PBXBuildFile; fileRef = 23BCDC2B27C211D300054334 /* Notification+Name.swift */; };
		23D56B5027C607360000D3E5 /* TabView.swift in Sources */ = {isa = PBXBuildFile; fileRef = 23D56B4E27C607360000D3E5 /* TabView.swift */; };
		23D56B5127C607360000D3E5 /* TabView.xib in Resources */ = {isa = PBXBuildFile; fileRef = 23D56B4F27C607360000D3E5 /* TabView.xib */; };
		23D56B5327C607B50000D3E5 /* TabCVC.swift in Sources */ = {isa = PBXBuildFile; fileRef = 23D56B5227C607B50000D3E5 /* TabCVC.swift */; };
		23D56B5627C62FC10000D3E5 /* KeywordContentView.swift in Sources */ = {isa = PBXBuildFile; fileRef = 23D56B5427C62FC10000D3E5 /* KeywordContentView.swift */; };
		23D56B5727C62FC10000D3E5 /* KeywordContentView.xib in Resources */ = {isa = PBXBuildFile; fileRef = 23D56B5527C62FC10000D3E5 /* KeywordContentView.xib */; };
		23D56B5A27C6327D0000D3E5 /* KeywordContentCVC.swift in Sources */ = {isa = PBXBuildFile; fileRef = 23D56B5827C6327D0000D3E5 /* KeywordContentCVC.swift */; };
		23D56B5B27C6327D0000D3E5 /* KeywordContentCVC.xib in Resources */ = {isa = PBXBuildFile; fileRef = 23D56B5927C6327D0000D3E5 /* KeywordContentCVC.xib */; };
		23DC8F9327B8E35400F79EF4 /* CommunityVM.swift in Sources */ = {isa = PBXBuildFile; fileRef = 23DC8F9227B8E35400F79EF4 /* CommunityVM.swift */; };
		23DC8FA027B95F3C00F79EF4 /* PostManager.swift in Sources */ = {isa = PBXBuildFile; fileRef = 23DC8F9F27B95F3C00F79EF4 /* PostManager.swift */; };
		23EA4E3527BEB5BD0027E4DB /* AddedImageCVC.swift in Sources */ = {isa = PBXBuildFile; fileRef = 23EA4E3427BEB5BD0027E4DB /* AddedImageCVC.swift */; };
		23F3CBF727C119D100CEDC98 /* PostWriteView.swift in Sources */ = {isa = PBXBuildFile; fileRef = 23F3CBF527C119D100CEDC98 /* PostWriteView.swift */; };
		23F3CBF827C119D100CEDC98 /* PostWriteView.xib in Resources */ = {isa = PBXBuildFile; fileRef = 23F3CBF627C119D100CEDC98 /* PostWriteView.xib */; };
		6208CFDB27A254B900F17603 /* SignIn.storyboard in Resources */ = {isa = PBXBuildFile; fileRef = 6208CFDA27A254B900F17603 /* SignIn.storyboard */; };
		6208CFDE27A258F600F17603 /* (null) in Sources */ = {isa = PBXBuildFile; };
		6208CFE127A2662700F17603 /* SignInVM.swift in Sources */ = {isa = PBXBuildFile; fileRef = 6208CFE027A2662700F17603 /* SignInVM.swift */; };
		62183E2827B8E70A00F83815 /* SignUpModel.swift in Sources */ = {isa = PBXBuildFile; fileRef = 62183E2727B8E70A00F83815 /* SignUpModel.swift */; };
		622C57D427C25F8E0011D833 /* EmotionView.swift in Sources */ = {isa = PBXBuildFile; fileRef = 622C57D327C25F8E0011D833 /* EmotionView.swift */; };
		622C57D627C25FAF0011D833 /* EmotionView.xib in Resources */ = {isa = PBXBuildFile; fileRef = 622C57D527C25FAF0011D833 /* EmotionView.xib */; };
		622C57D827C26A0D0011D833 /* EmotionCVC.xib in Resources */ = {isa = PBXBuildFile; fileRef = 622C57D727C26A0D0011D833 /* EmotionCVC.xib */; };
		622C57DA27C26A950011D833 /* EmotionCVC.swift in Sources */ = {isa = PBXBuildFile; fileRef = 622C57D927C26A950011D833 /* EmotionCVC.swift */; };
		622D07C027ABF12E00707E47 /* KeychainWrapper+.swift in Sources */ = {isa = PBXBuildFile; fileRef = 622D07BF27ABF12E00707E47 /* KeychainWrapper+.swift */; };
		622D51CB27BEB54400F59679 /* HomeNC.swift in Sources */ = {isa = PBXBuildFile; fileRef = 622D51CA27BEB54400F59679 /* HomeNC.swift */; };
		622D51CD27BEBC7000F59679 /* HomeAlarm.storyboard in Resources */ = {isa = PBXBuildFile; fileRef = 622D51CC27BEBC7000F59679 /* HomeAlarm.storyboard */; };
		622D51CF27BEBC8700F59679 /* HomeAlarmTVC.swift in Sources */ = {isa = PBXBuildFile; fileRef = 622D51CE27BEBC8700F59679 /* HomeAlarmTVC.swift */; };
		623DE2F527B25225005E78D0 /* EmailView.xib in Resources */ = {isa = PBXBuildFile; fileRef = 623DE2F427B25225005E78D0 /* EmailView.xib */; };
		623DE2F727B25367005E78D0 /* EmailView.swift in Sources */ = {isa = PBXBuildFile; fileRef = 623DE2F627B25367005E78D0 /* EmailView.swift */; };
		623DE2F927B26581005E78D0 /* UIView+.swift in Sources */ = {isa = PBXBuildFile; fileRef = 623DE2F827B26581005E78D0 /* UIView+.swift */; };
		623DE2FF27B3BA75005E78D0 /* AgreementView.swift in Sources */ = {isa = PBXBuildFile; fileRef = 623DE2FE27B3BA75005E78D0 /* AgreementView.swift */; };
		623DE30127B3BA9E005E78D0 /* AgreementView.xib in Resources */ = {isa = PBXBuildFile; fileRef = 623DE30027B3BA9E005E78D0 /* AgreementView.xib */; };
		623DE30527B55BFD005E78D0 /* Agreement.txt in Resources */ = {isa = PBXBuildFile; fileRef = 623DE30427B55BFD005E78D0 /* Agreement.txt */; };
		623DE30727B5603A005E78D0 /* Literal.swift in Sources */ = {isa = PBXBuildFile; fileRef = 623DE30627B5603A005E78D0 /* Literal.swift */; };
		623DE30927B615EB005E78D0 /* EmailVM.swift in Sources */ = {isa = PBXBuildFile; fileRef = 623DE30827B615EB005E78D0 /* EmailVM.swift */; };
		623DE30C27B616F7005E78D0 /* Validation.swift in Sources */ = {isa = PBXBuildFile; fileRef = 623DE30B27B616F7005E78D0 /* Validation.swift */; };
		623DE30F27B64F0C005E78D0 /* PasswordVM.swift in Sources */ = {isa = PBXBuildFile; fileRef = 623DE30E27B64F0C005E78D0 /* PasswordVM.swift */; };
		623DE31127B65B27005E78D0 /* NicknameVM.swift in Sources */ = {isa = PBXBuildFile; fileRef = 623DE31027B65B27005E78D0 /* NicknameVM.swift */; };
		624C457E27BCDA24000A37DF /* DiaryVC.swift in Sources */ = {isa = PBXBuildFile; fileRef = 624C457D27BCDA24000A37DF /* DiaryVC.swift */; };
		624C458027BCDA30000A37DF /* Diary.storyboard in Resources */ = {isa = PBXBuildFile; fileRef = 624C457F27BCDA30000A37DF /* Diary.storyboard */; };
		624C458427BD0E55000A37DF /* EmptyDiaryView.xib in Resources */ = {isa = PBXBuildFile; fileRef = 624C458327BD0E55000A37DF /* EmptyDiaryView.xib */; };
		624C458A27BD1221000A37DF /* EmptyDiaryView.swift in Sources */ = {isa = PBXBuildFile; fileRef = 624C458927BD1221000A37DF /* EmptyDiaryView.swift */; };
		624C458C27BD1D80000A37DF /* WriteDiaryVC.swift in Sources */ = {isa = PBXBuildFile; fileRef = 624C458B27BD1D80000A37DF /* WriteDiaryVC.swift */; };
		624C458E27BD1DA2000A37DF /* WriteDiary.storyboard in Resources */ = {isa = PBXBuildFile; fileRef = 624C458D27BD1DA2000A37DF /* WriteDiary.storyboard */; };
		6254618227B152E300184DA1 /* PasswordView.swift in Sources */ = {isa = PBXBuildFile; fileRef = 6254618127B152E300184DA1 /* PasswordView.swift */; };
		6254618427B152EF00184DA1 /* NicknameView.swift in Sources */ = {isa = PBXBuildFile; fileRef = 6254618327B152EF00184DA1 /* NicknameView.swift */; };
		6254618627B152FC00184DA1 /* PasswordView.xib in Resources */ = {isa = PBXBuildFile; fileRef = 6254618527B152FC00184DA1 /* PasswordView.xib */; };
		6254618827B1530500184DA1 /* NicknameView.xib in Resources */ = {isa = PBXBuildFile; fileRef = 6254618727B1530500184DA1 /* NicknameView.xib */; };
		62654E5D27C75A3600A48363 /* EmojiAnimationView.swift in Sources */ = {isa = PBXBuildFile; fileRef = 62654E5C27C75A3600A48363 /* EmojiAnimationView.swift */; };
		62654E5F27C75A6A00A48363 /* EmojiAnimationView.xib in Resources */ = {isa = PBXBuildFile; fileRef = 62654E5E27C75A6A00A48363 /* EmojiAnimationView.xib */; };
		62654E6127C7825700A48363 /* WriteDiaryVM.swift in Sources */ = {isa = PBXBuildFile; fileRef = 62654E6027C7825700A48363 /* WriteDiaryVM.swift */; };
		6270D40127ACE590004FD7A9 /* SignUpVC.swift in Sources */ = {isa = PBXBuildFile; fileRef = 6270D40027ACE590004FD7A9 /* SignUpVC.swift */; };
		627E1A8F27AEAD7D005C1777 /* Array+.swift in Sources */ = {isa = PBXBuildFile; fileRef = 627E1A8E27AEAD7D005C1777 /* Array+.swift */; };
		62A855E427B6AECD007BA12B /* NicknameModel.swift in Sources */ = {isa = PBXBuildFile; fileRef = 62A855E327B6AECD007BA12B /* NicknameModel.swift */; };
		62B0F55227B8090E008F8922 /* AgreementVM.swift in Sources */ = {isa = PBXBuildFile; fileRef = 62B0F55127B8090E008F8922 /* AgreementVM.swift */; };
		62BE208D27A590D0001F150A /* SignInVC.swift in Sources */ = {isa = PBXBuildFile; fileRef = 62BE208C27A590D0001F150A /* SignInVC.swift */; };
		62BE209027A66F34001F150A /* APISession.swift in Sources */ = {isa = PBXBuildFile; fileRef = 62BE208F27A66F34001F150A /* APISession.swift */; };
		62BE209227A66F52001F150A /* APIService.swift in Sources */ = {isa = PBXBuildFile; fileRef = 62BE209127A66F52001F150A /* APIService.swift */; };
		62BE209427A66F60001F150A /* APIError.swift in Sources */ = {isa = PBXBuildFile; fileRef = 62BE209327A66F60001F150A /* APIError.swift */; };
		62BE209927A679A2001F150A /* Service.swift in Sources */ = {isa = PBXBuildFile; fileRef = 62BE209827A679A2001F150A /* Service.swift */; };
		62BE209E27A67F15001F150A /* SignInModel.swift in Sources */ = {isa = PBXBuildFile; fileRef = 62BE209D27A67F15001F150A /* SignInModel.swift */; };
		62BE20A027A8F1A0001F150A /* UIViewController+.swift in Sources */ = {isa = PBXBuildFile; fileRef = 62BE209F27A8F1A0001F150A /* UIViewController+.swift */; };
		62D3B61827C53990001593CF /* UserInformation.swift in Sources */ = {isa = PBXBuildFile; fileRef = 62D3B61727C53990001593CF /* UserInformation.swift */; };
		62E2BDF827ACFBD80052DDCE /* SignUp.storyboard in Resources */ = {isa = PBXBuildFile; fileRef = 62E2BDF727ACFBD80052DDCE /* SignUp.storyboard */; };
		62E2BDFA27AD25CA0052DDCE /* SignUpVM.swift in Sources */ = {isa = PBXBuildFile; fileRef = 62E2BDF927AD25CA0052DDCE /* SignUpVM.swift */; };
		62E2BDFC27AD41620052DDCE /* UIImage+.swift in Sources */ = {isa = PBXBuildFile; fileRef = 62E2BDFB27AD41620052DDCE /* UIImage+.swift */; };
		E30ED2FBCEA8C01F3C5952C9 /* Pods_ITZZA.framework in Frameworks */ = {isa = PBXBuildFile; fileRef = 7B86A065F16EA791EF7DBAD0 /* Pods_ITZZA.framework */; };
/* End PBXBuildFile section */

/* Begin PBXFileReference section */
		2302A61027C4FB6200B03A49 /* HistoryTVC.swift */ = {isa = PBXFileReference; lastKnownFileType = sourcecode.swift; path = HistoryTVC.swift; sourceTree = "<group>"; };
		2305120C27AEE52100CF7FCF /* UIButton+.swift */ = {isa = PBXFileReference; lastKnownFileType = sourcecode.swift; path = "UIButton+.swift"; sourceTree = "<group>"; };
		232302FA27AFC13200E20078 /* CommentTVC.swift */ = {isa = PBXFileReference; lastKnownFileType = sourcecode.swift; path = CommentTVC.swift; sourceTree = "<group>"; };
		232302FB27AFC13200E20078 /* CommentTVC.xib */ = {isa = PBXFileReference; lastKnownFileType = file.xib; path = CommentTVC.xib; sourceTree = "<group>"; };
		232302FE27AFD18000E20078 /* UITextView+.swift */ = {isa = PBXFileReference; lastKnownFileType = sourcecode.swift; path = "UITextView+.swift"; sourceTree = "<group>"; };
		2323030027B027CE00E20078 /* CommentCountTVC.swift */ = {isa = PBXFileReference; lastKnownFileType = sourcecode.swift; path = CommentCountTVC.swift; sourceTree = "<group>"; };
		2323030227B02D9200E20078 /* ChatInputView.swift */ = {isa = PBXFileReference; lastKnownFileType = sourcecode.swift; path = ChatInputView.swift; sourceTree = "<group>"; };
		2323030327B02D9200E20078 /* ChatInputView.xib */ = {isa = PBXFileReference; lastKnownFileType = file.xib; path = ChatInputView.xib; sourceTree = "<group>"; };
		2323030827B035ED00E20078 /* UITextField+.swift */ = {isa = PBXFileReference; lastKnownFileType = sourcecode.swift; path = "UITextField+.swift"; sourceTree = "<group>"; };
		2327FD7B27C6730B007D65F4 /* SearchedUserTVC.swift */ = {isa = PBXFileReference; lastKnownFileType = sourcecode.swift; path = SearchedUserTVC.swift; sourceTree = "<group>"; };
		2327FD7C27C6730B007D65F4 /* SearchedUserTVC.xib */ = {isa = PBXFileReference; lastKnownFileType = file.xib; path = SearchedUserTVC.xib; sourceTree = "<group>"; };
		232CC01127A0317900040131 /* ITZZA.app */ = {isa = PBXFileReference; explicitFileType = wrapper.application; includeInIndex = 0; path = ITZZA.app; sourceTree = BUILT_PRODUCTS_DIR; };
		232CC01427A0317900040131 /* AppDelegate.swift */ = {isa = PBXFileReference; lastKnownFileType = sourcecode.swift; path = AppDelegate.swift; sourceTree = "<group>"; };
		232CC01D27A0317900040131 /* Assets.xcassets */ = {isa = PBXFileReference; lastKnownFileType = folder.assetcatalog; path = Assets.xcassets; sourceTree = "<group>"; };
		232CC02027A0317900040131 /* Base */ = {isa = PBXFileReference; lastKnownFileType = file.storyboard; name = Base; path = Base.lproj/LaunchScreen.storyboard; sourceTree = "<group>"; };
		232CC02227A0317900040131 /* Info.plist */ = {isa = PBXFileReference; lastKnownFileType = text.plist.xml; path = Info.plist; sourceTree = "<group>"; };
		232CC03527A0326500040131 /* HomeVC.swift */ = {isa = PBXFileReference; lastKnownFileType = sourcecode.swift; path = HomeVC.swift; sourceTree = "<group>"; };
		232CC03727A0326C00040131 /* Home.storyboard */ = {isa = PBXFileReference; lastKnownFileType = file.storyboard; path = Home.storyboard; sourceTree = "<group>"; };
		232CC03927A0327B00040131 /* HomeVM.swift */ = {isa = PBXFileReference; lastKnownFileType = sourcecode.swift; path = HomeVM.swift; sourceTree = "<group>"; };
		232CC03B27A0328000040131 /* HomeModel.swift */ = {isa = PBXFileReference; lastKnownFileType = sourcecode.swift; path = HomeModel.swift; sourceTree = "<group>"; };
		232CC03D27A0328600040131 /* c.swift */ = {isa = PBXFileReference; lastKnownFileType = sourcecode.swift; path = c.swift; sourceTree = "<group>"; };
		232CC03F27A0328B00040131 /* d.swift */ = {isa = PBXFileReference; lastKnownFileType = sourcecode.swift; path = d.swift; sourceTree = "<group>"; };
		232CC04927A032CF00040131 /* CommunityVC.swift */ = {isa = PBXFileReference; lastKnownFileType = sourcecode.swift; path = CommunityVC.swift; sourceTree = "<group>"; };
		232CC04B27A032D700040131 /* Community.storyboard */ = {isa = PBXFileReference; lastKnownFileType = file.storyboard; path = Community.storyboard; sourceTree = "<group>"; };
		232CC05D27A0333500040131 /* MypageVC.swift */ = {isa = PBXFileReference; lastKnownFileType = sourcecode.swift; path = MypageVC.swift; sourceTree = "<group>"; };
		232CC05F27A0334100040131 /* Mypage.storyboard */ = {isa = PBXFileReference; lastKnownFileType = file.storyboard; path = Mypage.storyboard; sourceTree = "<group>"; };
		232CC06127A0335500040131 /* i.swift */ = {isa = PBXFileReference; lastKnownFileType = sourcecode.swift; path = i.swift; sourceTree = "<group>"; };
		232CC06327A0335C00040131 /* j.swift */ = {isa = PBXFileReference; lastKnownFileType = sourcecode.swift; path = j.swift; sourceTree = "<group>"; };
		232CC06527A0336100040131 /* k.swift */ = {isa = PBXFileReference; lastKnownFileType = sourcecode.swift; path = k.swift; sourceTree = "<group>"; };
		232CC06727A0336600040131 /* l.swift */ = {isa = PBXFileReference; lastKnownFileType = sourcecode.swift; path = l.swift; sourceTree = "<group>"; };
		232CC07027A0367C00040131 /* Identifiers.swift */ = {isa = PBXFileReference; lastKnownFileType = sourcecode.swift; path = Identifiers.swift; sourceTree = "<group>"; };
		232CC07227A036FC00040131 /* StoryboardRepresentation.swift */ = {isa = PBXFileReference; lastKnownFileType = sourcecode.swift; path = StoryboardRepresentation.swift; sourceTree = "<group>"; };
		232CC07427A0370D00040131 /* TypeOfViewController.swift */ = {isa = PBXFileReference; lastKnownFileType = sourcecode.swift; path = TypeOfViewController.swift; sourceTree = "<group>"; };
		232CC07627A0372300040131 /* ViewControllerFactory.swift */ = {isa = PBXFileReference; lastKnownFileType = sourcecode.swift; path = ViewControllerFactory.swift; sourceTree = "<group>"; };
		232CC08627A038FB00040131 /* UIColor+.swift */ = {isa = PBXFileReference; lastKnownFileType = sourcecode.swift; path = "UIColor+.swift"; sourceTree = "<group>"; };
		232CC08827A0390B00040131 /* UIFont+.swift */ = {isa = PBXFileReference; lastKnownFileType = sourcecode.swift; path = "UIFont+.swift"; sourceTree = "<group>"; };
		232CC0A127A03B4100040131 /* TabBar.storyboard */ = {isa = PBXFileReference; lastKnownFileType = file.storyboard; path = TabBar.storyboard; sourceTree = "<group>"; };
		232CC0A327A03B8F00040131 /* ITZZATBC.swift */ = {isa = PBXFileReference; lastKnownFileType = sourcecode.swift; path = ITZZATBC.swift; sourceTree = "<group>"; };
		2335241227A98D57009C654F /* PostDataSource.swift */ = {isa = PBXFileReference; lastKnownFileType = sourcecode.swift; path = PostDataSource.swift; sourceTree = "<group>"; };
		2335241527A98FA0009C654F /* ProfileHeaderView.swift */ = {isa = PBXFileReference; lastKnownFileType = sourcecode.swift; path = ProfileHeaderView.swift; sourceTree = "<group>"; };
		2335241627A98FA0009C654F /* ProfileHeaderView.xib */ = {isa = PBXFileReference; lastKnownFileType = file.xib; path = ProfileHeaderView.xib; sourceTree = "<group>"; };
		2335241D27A99392009C654F /* PostButtonsView.swift */ = {isa = PBXFileReference; lastKnownFileType = sourcecode.swift; path = PostButtonsView.swift; sourceTree = "<group>"; };
		2335241E27A99392009C654F /* PostButtonsView.xib */ = {isa = PBXFileReference; lastKnownFileType = file.xib; path = PostButtonsView.xib; sourceTree = "<group>"; };
		233B636827AF9D8C00914F60 /* PostDetail.storyboard */ = {isa = PBXFileReference; lastKnownFileType = file.storyboard; path = PostDetail.storyboard; sourceTree = "<group>"; };
		233B636A27AF9D9D00914F60 /* PostDetailVC.swift */ = {isa = PBXFileReference; lastKnownFileType = sourcecode.swift; path = PostDetailVC.swift; sourceTree = "<group>"; };
		233B636C27AFAE2400914F60 /* PostContentView.swift */ = {isa = PBXFileReference; lastKnownFileType = sourcecode.swift; path = PostContentView.swift; sourceTree = "<group>"; };
		233B636E27AFAE3100914F60 /* PostContentView.xib */ = {isa = PBXFileReference; lastKnownFileType = file.xib; path = PostContentView.xib; sourceTree = "<group>"; };
		233FE3CF27C40AEE00A1A8C3 /* CommentModel.swift */ = {isa = PBXFileReference; lastKnownFileType = sourcecode.swift; path = CommentModel.swift; sourceTree = "<group>"; };
		2343A66F27C7FDBE00117742 /* SearchKeywordModel.swift */ = {isa = PBXFileReference; lastKnownFileType = sourcecode.swift; path = SearchKeywordModel.swift; sourceTree = "<group>"; };
		2343A67127C8126600117742 /* SearchedResultModel.swift */ = {isa = PBXFileReference; lastKnownFileType = sourcecode.swift; path = SearchedResultModel.swift; sourceTree = "<group>"; };
		2343A67427C8B18000117742 /* NoneSearchedContentTVC.xib */ = {isa = PBXFileReference; lastKnownFileType = file.xib; path = NoneSearchedContentTVC.xib; sourceTree = "<group>"; };
		2356305127BFA1CC0032E520 /* SpoqaHanSansNeo-Bold.otf */ = {isa = PBXFileReference; lastKnownFileType = file; path = "SpoqaHanSansNeo-Bold.otf"; sourceTree = "<group>"; };
		2356305227BFA1CC0032E520 /* SpoqaHanSansNeo-Light.otf */ = {isa = PBXFileReference; lastKnownFileType = file; path = "SpoqaHanSansNeo-Light.otf"; sourceTree = "<group>"; };
		2356305327BFA1CC0032E520 /* SpoqaHanSansNeo-Thin.otf */ = {isa = PBXFileReference; lastKnownFileType = file; path = "SpoqaHanSansNeo-Thin.otf"; sourceTree = "<group>"; };
		2356305427BFA1CC0032E520 /* SpoqaHanSansNeo-Regular.otf */ = {isa = PBXFileReference; lastKnownFileType = file; path = "SpoqaHanSansNeo-Regular.otf"; sourceTree = "<group>"; };
		2356305527BFA1CC0032E520 /* SpoqaHanSansNeo-Medium.otf */ = {isa = PBXFileReference; lastKnownFileType = file; path = "SpoqaHanSansNeo-Medium.otf"; sourceTree = "<group>"; };
		235DCED427C13DA10034D4C1 /* ImageCollectionView.swift */ = {isa = PBXFileReference; lastKnownFileType = sourcecode.swift; path = ImageCollectionView.swift; sourceTree = "<group>"; };
		235DCED527C13DA10034D4C1 /* ImageCollectionView.xib */ = {isa = PBXFileReference; lastKnownFileType = file.xib; path = ImageCollectionView.xib; sourceTree = "<group>"; };
		235DCED827C13E5D0034D4C1 /* AddedImageCVC.xib */ = {isa = PBXFileReference; lastKnownFileType = file.xib; path = AddedImageCVC.xib; sourceTree = "<group>"; };
		2368021027B2965B00A4392B /* PostContentTableViewHeader.swift */ = {isa = PBXFileReference; lastKnownFileType = sourcecode.swift; path = PostContentTableViewHeader.swift; sourceTree = "<group>"; };
		2368021227B2966800A4392B /* PostContentTableViewHeader.xib */ = {isa = PBXFileReference; lastKnownFileType = file.xib; path = PostContentTableViewHeader.xib; sourceTree = "<group>"; };
		236C98DD27B239C200CE1EFD /* UIView+.swift */ = {isa = PBXFileReference; lastKnownFileType = sourcecode.swift; path = "UIView+.swift"; sourceTree = "<group>"; };
		236C9EA427C10D4600B0BADA /* ImageScrollView.swift */ = {isa = PBXFileReference; lastKnownFileType = sourcecode.swift; path = ImageScrollView.swift; sourceTree = "<group>"; };
		236C9EA527C10D4600B0BADA /* ImageScrollView.xib */ = {isa = PBXFileReference; lastKnownFileType = file.xib; path = ImageScrollView.xib; sourceTree = "<group>"; };
		23765D6A27C8DCAB0001D525 /* OnboardingVC.swift */ = {isa = PBXFileReference; lastKnownFileType = sourcecode.swift; path = OnboardingVC.swift; sourceTree = "<group>"; };
		23765D6C27C8DCDD0001D525 /* Onboarding.storyboard */ = {isa = PBXFileReference; lastKnownFileType = file.storyboard; path = Onboarding.storyboard; sourceTree = "<group>"; };
		2376DA7527BA850700E4A0E8 /* CommunityType.swift */ = {isa = PBXFileReference; lastKnownFileType = sourcecode.swift; path = CommunityType.swift; sourceTree = "<group>"; };
		2387375127C67E3F0060971E /* UserPostList.storyboard */ = {isa = PBXFileReference; lastKnownFileType = file.storyboard; path = UserPostList.storyboard; sourceTree = "<group>"; };
		2387375327C67E480060971E /* UserPostListVC.swift */ = {isa = PBXFileReference; lastKnownFileType = sourcecode.swift; path = UserPostListVC.swift; sourceTree = "<group>"; };
		238CEE9F27A7DEA0006BE766 /* CommunityNC.swift */ = {isa = PBXFileReference; lastKnownFileType = sourcecode.swift; path = CommunityNC.swift; sourceTree = "<group>"; };
		238CEEA127A7DFCF006BE766 /* NavigationController+.swift */ = {isa = PBXFileReference; lastKnownFileType = sourcecode.swift; path = "NavigationController+.swift"; sourceTree = "<group>"; };
		238CEEA327A7E6F1006BE766 /* Category.storyboard */ = {isa = PBXFileReference; lastKnownFileType = file.storyboard; path = Category.storyboard; sourceTree = "<group>"; };
		238CEEA527A7E705006BE766 /* CategoryVC.swift */ = {isa = PBXFileReference; lastKnownFileType = sourcecode.swift; path = CategoryVC.swift; sourceTree = "<group>"; };
		238CEEA927A7EFD0006BE766 /* PostTVC.swift */ = {isa = PBXFileReference; lastKnownFileType = sourcecode.swift; path = PostTVC.swift; sourceTree = "<group>"; };
		238CEEAD27A7F577006BE766 /* PostModel.swift */ = {isa = PBXFileReference; lastKnownFileType = sourcecode.swift; path = PostModel.swift; sourceTree = "<group>"; };
		238EC09527AA4C3B001CBB24 /* AddPost.storyboard */ = {isa = PBXFileReference; lastKnownFileType = file.storyboard; path = AddPost.storyboard; sourceTree = "<group>"; };
		238EC09727AA4C4A001CBB24 /* AddPostVC.swift */ = {isa = PBXFileReference; lastKnownFileType = sourcecode.swift; path = AddPostVC.swift; sourceTree = "<group>"; };
		238EC09927AA7288001CBB24 /* SearchPost.storyboard */ = {isa = PBXFileReference; lastKnownFileType = file.storyboard; path = SearchPost.storyboard; sourceTree = "<group>"; };
		238EC09B27AA7295001CBB24 /* SearchPostVC.swift */ = {isa = PBXFileReference; lastKnownFileType = sourcecode.swift; path = SearchPostVC.swift; sourceTree = "<group>"; };
		238EC09D27AA88EC001CBB24 /* ImageAddBar.swift */ = {isa = PBXFileReference; lastKnownFileType = sourcecode.swift; path = ImageAddBar.swift; sourceTree = "<group>"; };
		238EC09E27AA88EC001CBB24 /* ImageAddBar.xib */ = {isa = PBXFileReference; lastKnownFileType = file.xib; path = ImageAddBar.xib; sourceTree = "<group>"; };
		23A56BD927B3F8BA00959269 /* UILabel+.swift */ = {isa = PBXFileReference; lastKnownFileType = sourcecode.swift; path = "UILabel+.swift"; sourceTree = "<group>"; };
		23AEE7AF27C6481D00C79FF5 /* KeywordContentTVC.swift */ = {isa = PBXFileReference; lastKnownFileType = sourcecode.swift; path = KeywordContentTVC.swift; sourceTree = "<group>"; };
		23AEE7B027C6481D00C79FF5 /* KeywordContentTVC.xib */ = {isa = PBXFileReference; lastKnownFileType = file.xib; path = KeywordContentTVC.xib; sourceTree = "<group>"; };
		23B4DEC627C74E1A0051ED87 /* ImagesModel.swift */ = {isa = PBXFileReference; lastKnownFileType = sourcecode.swift; path = ImagesModel.swift; sourceTree = "<group>"; };
		23B4DECC27C750B40051ED87 /* AlertView.swift */ = {isa = PBXFileReference; lastKnownFileType = sourcecode.swift; path = AlertView.swift; sourceTree = "<group>"; };
		23B4DECD27C750B40051ED87 /* AlertView.xib */ = {isa = PBXFileReference; lastKnownFileType = file.xib; path = AlertView.xib; sourceTree = "<group>"; };
		23B4DED027C772EC0051ED87 /* MenuBottomSheet.swift */ = {isa = PBXFileReference; lastKnownFileType = sourcecode.swift; path = MenuBottomSheet.swift; sourceTree = "<group>"; };
		23B66EBB27B813A500FC477D /* CategoryBottomSheetVC.swift */ = {isa = PBXFileReference; lastKnownFileType = sourcecode.swift; path = CategoryBottomSheetVC.swift; sourceTree = "<group>"; };
		23BCDC2B27C211D300054334 /* Notification+Name.swift */ = {isa = PBXFileReference; lastKnownFileType = sourcecode.swift; path = "Notification+Name.swift"; sourceTree = "<group>"; };
		23D56B4E27C607360000D3E5 /* TabView.swift */ = {isa = PBXFileReference; lastKnownFileType = sourcecode.swift; path = TabView.swift; sourceTree = "<group>"; };
		23D56B4F27C607360000D3E5 /* TabView.xib */ = {isa = PBXFileReference; lastKnownFileType = file.xib; path = TabView.xib; sourceTree = "<group>"; };
		23D56B5227C607B50000D3E5 /* TabCVC.swift */ = {isa = PBXFileReference; lastKnownFileType = sourcecode.swift; path = TabCVC.swift; sourceTree = "<group>"; };
		23D56B5427C62FC10000D3E5 /* KeywordContentView.swift */ = {isa = PBXFileReference; lastKnownFileType = sourcecode.swift; path = KeywordContentView.swift; sourceTree = "<group>"; };
		23D56B5527C62FC10000D3E5 /* KeywordContentView.xib */ = {isa = PBXFileReference; lastKnownFileType = file.xib; path = KeywordContentView.xib; sourceTree = "<group>"; };
		23D56B5827C6327D0000D3E5 /* KeywordContentCVC.swift */ = {isa = PBXFileReference; lastKnownFileType = sourcecode.swift; path = KeywordContentCVC.swift; sourceTree = "<group>"; };
		23D56B5927C6327D0000D3E5 /* KeywordContentCVC.xib */ = {isa = PBXFileReference; lastKnownFileType = file.xib; path = KeywordContentCVC.xib; sourceTree = "<group>"; };
		23DC8F9227B8E35400F79EF4 /* CommunityVM.swift */ = {isa = PBXFileReference; lastKnownFileType = sourcecode.swift; name = CommunityVM.swift; path = ITZZA/Screen/Community/CommunityVM.swift; sourceTree = SOURCE_ROOT; };
		23DC8F9F27B95F3C00F79EF4 /* PostManager.swift */ = {isa = PBXFileReference; lastKnownFileType = sourcecode.swift; path = PostManager.swift; sourceTree = "<group>"; };
		23EA4E3427BEB5BD0027E4DB /* AddedImageCVC.swift */ = {isa = PBXFileReference; lastKnownFileType = sourcecode.swift; path = AddedImageCVC.swift; sourceTree = "<group>"; };
		23F3CBF527C119D100CEDC98 /* PostWriteView.swift */ = {isa = PBXFileReference; lastKnownFileType = sourcecode.swift; path = PostWriteView.swift; sourceTree = "<group>"; };
		23F3CBF627C119D100CEDC98 /* PostWriteView.xib */ = {isa = PBXFileReference; lastKnownFileType = file.xib; path = PostWriteView.xib; sourceTree = "<group>"; };
		31D68BDCB09FB35125D965C7 /* Pods-ITZZA.release.xcconfig */ = {isa = PBXFileReference; includeInIndex = 1; lastKnownFileType = text.xcconfig; name = "Pods-ITZZA.release.xcconfig"; path = "Target Support Files/Pods-ITZZA/Pods-ITZZA.release.xcconfig"; sourceTree = "<group>"; };
		557F2FCE2D67BC938F058D88 /* Pods-ITZZA.debug.xcconfig */ = {isa = PBXFileReference; includeInIndex = 1; lastKnownFileType = text.xcconfig; name = "Pods-ITZZA.debug.xcconfig"; path = "Target Support Files/Pods-ITZZA/Pods-ITZZA.debug.xcconfig"; sourceTree = "<group>"; };
		6208CFDA27A254B900F17603 /* SignIn.storyboard */ = {isa = PBXFileReference; lastKnownFileType = file.storyboard; path = SignIn.storyboard; sourceTree = "<group>"; };
		6208CFE027A2662700F17603 /* SignInVM.swift */ = {isa = PBXFileReference; lastKnownFileType = sourcecode.swift; path = SignInVM.swift; sourceTree = "<group>"; };
		62183E2727B8E70A00F83815 /* SignUpModel.swift */ = {isa = PBXFileReference; lastKnownFileType = sourcecode.swift; path = SignUpModel.swift; sourceTree = "<group>"; };
		622C57D327C25F8E0011D833 /* EmotionView.swift */ = {isa = PBXFileReference; lastKnownFileType = sourcecode.swift; path = EmotionView.swift; sourceTree = "<group>"; };
		622C57D527C25FAF0011D833 /* EmotionView.xib */ = {isa = PBXFileReference; lastKnownFileType = file.xib; path = EmotionView.xib; sourceTree = "<group>"; };
		622C57D727C26A0D0011D833 /* EmotionCVC.xib */ = {isa = PBXFileReference; lastKnownFileType = file.xib; path = EmotionCVC.xib; sourceTree = "<group>"; };
		622C57D927C26A950011D833 /* EmotionCVC.swift */ = {isa = PBXFileReference; lastKnownFileType = sourcecode.swift; path = EmotionCVC.swift; sourceTree = "<group>"; };
		622D07BF27ABF12E00707E47 /* KeychainWrapper+.swift */ = {isa = PBXFileReference; lastKnownFileType = sourcecode.swift; path = "KeychainWrapper+.swift"; sourceTree = "<group>"; };
		622D51CA27BEB54400F59679 /* HomeNC.swift */ = {isa = PBXFileReference; lastKnownFileType = sourcecode.swift; path = HomeNC.swift; sourceTree = "<group>"; };
		622D51CC27BEBC7000F59679 /* HomeAlarm.storyboard */ = {isa = PBXFileReference; lastKnownFileType = file.storyboard; path = HomeAlarm.storyboard; sourceTree = "<group>"; };
		622D51CE27BEBC8700F59679 /* HomeAlarmTVC.swift */ = {isa = PBXFileReference; lastKnownFileType = sourcecode.swift; path = HomeAlarmTVC.swift; sourceTree = "<group>"; };
		623DE2F427B25225005E78D0 /* EmailView.xib */ = {isa = PBXFileReference; lastKnownFileType = file.xib; path = EmailView.xib; sourceTree = "<group>"; };
		623DE2F627B25367005E78D0 /* EmailView.swift */ = {isa = PBXFileReference; lastKnownFileType = sourcecode.swift; path = EmailView.swift; sourceTree = "<group>"; };
		623DE2F827B26581005E78D0 /* UIView+.swift */ = {isa = PBXFileReference; lastKnownFileType = sourcecode.swift; path = "UIView+.swift"; sourceTree = "<group>"; };
		623DE2FE27B3BA75005E78D0 /* AgreementView.swift */ = {isa = PBXFileReference; lastKnownFileType = sourcecode.swift; path = AgreementView.swift; sourceTree = "<group>"; };
		623DE30027B3BA9E005E78D0 /* AgreementView.xib */ = {isa = PBXFileReference; lastKnownFileType = file.xib; path = AgreementView.xib; sourceTree = "<group>"; };
		623DE30427B55BFD005E78D0 /* Agreement.txt */ = {isa = PBXFileReference; lastKnownFileType = text; path = Agreement.txt; sourceTree = "<group>"; };
		623DE30627B5603A005E78D0 /* Literal.swift */ = {isa = PBXFileReference; lastKnownFileType = sourcecode.swift; path = Literal.swift; sourceTree = "<group>"; };
		623DE30827B615EB005E78D0 /* EmailVM.swift */ = {isa = PBXFileReference; lastKnownFileType = sourcecode.swift; path = EmailVM.swift; sourceTree = "<group>"; };
		623DE30B27B616F7005E78D0 /* Validation.swift */ = {isa = PBXFileReference; lastKnownFileType = sourcecode.swift; path = Validation.swift; sourceTree = "<group>"; };
		623DE30E27B64F0C005E78D0 /* PasswordVM.swift */ = {isa = PBXFileReference; lastKnownFileType = sourcecode.swift; path = PasswordVM.swift; sourceTree = "<group>"; };
		623DE31027B65B27005E78D0 /* NicknameVM.swift */ = {isa = PBXFileReference; lastKnownFileType = sourcecode.swift; path = NicknameVM.swift; sourceTree = "<group>"; };
		624C457D27BCDA24000A37DF /* DiaryVC.swift */ = {isa = PBXFileReference; lastKnownFileType = sourcecode.swift; path = DiaryVC.swift; sourceTree = "<group>"; };
		624C457F27BCDA30000A37DF /* Diary.storyboard */ = {isa = PBXFileReference; lastKnownFileType = file.storyboard; path = Diary.storyboard; sourceTree = "<group>"; };
		624C458327BD0E55000A37DF /* EmptyDiaryView.xib */ = {isa = PBXFileReference; lastKnownFileType = file.xib; path = EmptyDiaryView.xib; sourceTree = "<group>"; };
		624C458927BD1221000A37DF /* EmptyDiaryView.swift */ = {isa = PBXFileReference; lastKnownFileType = sourcecode.swift; path = EmptyDiaryView.swift; sourceTree = "<group>"; };
		624C458B27BD1D80000A37DF /* WriteDiaryVC.swift */ = {isa = PBXFileReference; lastKnownFileType = sourcecode.swift; path = WriteDiaryVC.swift; sourceTree = "<group>"; };
		624C458D27BD1DA2000A37DF /* WriteDiary.storyboard */ = {isa = PBXFileReference; lastKnownFileType = file.storyboard; path = WriteDiary.storyboard; sourceTree = "<group>"; };
		6254618127B152E300184DA1 /* PasswordView.swift */ = {isa = PBXFileReference; lastKnownFileType = sourcecode.swift; path = PasswordView.swift; sourceTree = "<group>"; };
		6254618327B152EF00184DA1 /* NicknameView.swift */ = {isa = PBXFileReference; lastKnownFileType = sourcecode.swift; path = NicknameView.swift; sourceTree = "<group>"; };
		6254618527B152FC00184DA1 /* PasswordView.xib */ = {isa = PBXFileReference; lastKnownFileType = file.xib; path = PasswordView.xib; sourceTree = "<group>"; };
		6254618727B1530500184DA1 /* NicknameView.xib */ = {isa = PBXFileReference; lastKnownFileType = file.xib; path = NicknameView.xib; sourceTree = "<group>"; };
		62654E5C27C75A3600A48363 /* EmojiAnimationView.swift */ = {isa = PBXFileReference; lastKnownFileType = sourcecode.swift; path = EmojiAnimationView.swift; sourceTree = "<group>"; };
		62654E5E27C75A6A00A48363 /* EmojiAnimationView.xib */ = {isa = PBXFileReference; lastKnownFileType = file.xib; path = EmojiAnimationView.xib; sourceTree = "<group>"; };
		62654E6027C7825700A48363 /* WriteDiaryVM.swift */ = {isa = PBXFileReference; lastKnownFileType = sourcecode.swift; path = WriteDiaryVM.swift; sourceTree = "<group>"; };
		6270D40027ACE590004FD7A9 /* SignUpVC.swift */ = {isa = PBXFileReference; lastKnownFileType = sourcecode.swift; path = SignUpVC.swift; sourceTree = "<group>"; };
		627E1A8E27AEAD7D005C1777 /* Array+.swift */ = {isa = PBXFileReference; lastKnownFileType = sourcecode.swift; path = "Array+.swift"; sourceTree = "<group>"; };
		62A855E327B6AECD007BA12B /* NicknameModel.swift */ = {isa = PBXFileReference; lastKnownFileType = sourcecode.swift; path = NicknameModel.swift; sourceTree = "<group>"; };
		62B0F55127B8090E008F8922 /* AgreementVM.swift */ = {isa = PBXFileReference; lastKnownFileType = sourcecode.swift; path = AgreementVM.swift; sourceTree = "<group>"; };
		62BE208C27A590D0001F150A /* SignInVC.swift */ = {isa = PBXFileReference; lastKnownFileType = sourcecode.swift; path = SignInVC.swift; sourceTree = "<group>"; };
		62BE208F27A66F34001F150A /* APISession.swift */ = {isa = PBXFileReference; lastKnownFileType = sourcecode.swift; path = APISession.swift; sourceTree = "<group>"; };
		62BE209127A66F52001F150A /* APIService.swift */ = {isa = PBXFileReference; lastKnownFileType = sourcecode.swift; path = APIService.swift; sourceTree = "<group>"; };
		62BE209327A66F60001F150A /* APIError.swift */ = {isa = PBXFileReference; lastKnownFileType = sourcecode.swift; path = APIError.swift; sourceTree = "<group>"; };
		62BE209827A679A2001F150A /* Service.swift */ = {isa = PBXFileReference; lastKnownFileType = sourcecode.swift; path = Service.swift; sourceTree = "<group>"; };
		62BE209D27A67F15001F150A /* SignInModel.swift */ = {isa = PBXFileReference; lastKnownFileType = sourcecode.swift; path = SignInModel.swift; sourceTree = "<group>"; };
		62BE209F27A8F1A0001F150A /* UIViewController+.swift */ = {isa = PBXFileReference; lastKnownFileType = sourcecode.swift; path = "UIViewController+.swift"; sourceTree = "<group>"; };
		62D3B61727C53990001593CF /* UserInformation.swift */ = {isa = PBXFileReference; lastKnownFileType = sourcecode.swift; path = UserInformation.swift; sourceTree = "<group>"; };
		62E2BDF727ACFBD80052DDCE /* SignUp.storyboard */ = {isa = PBXFileReference; lastKnownFileType = file.storyboard; path = SignUp.storyboard; sourceTree = "<group>"; };
		62E2BDF927AD25CA0052DDCE /* SignUpVM.swift */ = {isa = PBXFileReference; lastKnownFileType = sourcecode.swift; path = SignUpVM.swift; sourceTree = "<group>"; };
		62E2BDFB27AD41620052DDCE /* UIImage+.swift */ = {isa = PBXFileReference; lastKnownFileType = sourcecode.swift; path = "UIImage+.swift"; sourceTree = "<group>"; };
		7B86A065F16EA791EF7DBAD0 /* Pods_ITZZA.framework */ = {isa = PBXFileReference; explicitFileType = wrapper.framework; includeInIndex = 0; path = Pods_ITZZA.framework; sourceTree = BUILT_PRODUCTS_DIR; };
/* End PBXFileReference section */

/* Begin PBXFrameworksBuildPhase section */
		232CC00E27A0317900040131 /* Frameworks */ = {
			isa = PBXFrameworksBuildPhase;
			buildActionMask = 2147483647;
			files = (
				E30ED2FBCEA8C01F3C5952C9 /* Pods_ITZZA.framework in Frameworks */,
			);
			runOnlyForDeploymentPostprocessing = 0;
		};
/* End PBXFrameworksBuildPhase section */

/* Begin PBXGroup section */
		232CC00827A0317900040131 = {
			isa = PBXGroup;
			children = (
				232CC01327A0317900040131 /* ITZZA */,
				232CC01227A0317900040131 /* Products */,
				9B55279D0715D74085818E27 /* Pods */,
				A9BA63A3F24005117626FEAA /* Frameworks */,
			);
			sourceTree = "<group>";
		};
		232CC01227A0317900040131 /* Products */ = {
			isa = PBXGroup;
			children = (
				232CC01127A0317900040131 /* ITZZA.app */,
			);
			name = Products;
			sourceTree = "<group>";
		};
		232CC01327A0317900040131 /* ITZZA */ = {
			isa = PBXGroup;
			children = (
				232CC06B27A0362900040131 /* Global */,
				232CC01F27A0317900040131 /* LaunchScreen.storyboard */,
				232CC02927A031FE00040131 /* Screen */,
				232CC02827A031E900040131 /* Support */,
			);
			path = ITZZA;
			sourceTree = "<group>";
		};
		232CC02827A031E900040131 /* Support */ = {
			isa = PBXGroup;
			children = (
				623DE30427B55BFD005E78D0 /* Agreement.txt */,
				232CC01427A0317900040131 /* AppDelegate.swift */,
				232CC01D27A0317900040131 /* Assets.xcassets */,
				232CC02227A0317900040131 /* Info.plist */,
			);
			path = Support;
			sourceTree = "<group>";
		};
		232CC02927A031FE00040131 /* Screen */ = {
			isa = PBXGroup;
			children = (
				62C4008527A51AC3002B3F33 /* Share */,
				2371332327BB997E0045AA75 /* Enum */,
				23765D6927C8DC9B0001D525 /* Onboarding */,
				6208CFD727A2539700F17603 /* Sign */,
				232CC09E27A03B1900040131 /* TabBar */,
				232CC02C27A0320E00040131 /* Home */,
				232CC02B27A0320900040131 /* Community */,
				232CC02A27A0320300040131 /* Mypage */,
			);
			path = Screen;
			sourceTree = "<group>";
		};
		232CC02A27A0320300040131 /* Mypage */ = {
			isa = PBXGroup;
			children = (
				232CC05A27A0331900040131 /* View */,
				232CC05927A0331400040131 /* ViewModel */,
				232CC05827A0330F00040131 /* Model */,
				232CC05527A0330500040131 /* Cell */,
			);
			path = Mypage;
			sourceTree = "<group>";
		};
		232CC02B27A0320900040131 /* Community */ = {
			isa = PBXGroup;
			children = (
				232CC04627A032AB00040131 /* View */,
				232CC04527A032A600040131 /* ViewModel */,
				232CC04427A032A000040131 /* Model */,
				232CC04127A0329400040131 /* Cell */,
			);
			path = Community;
			sourceTree = "<group>";
		};
		232CC02C27A0320E00040131 /* Home */ = {
			isa = PBXGroup;
			children = (
				232CC03027A0322200040131 /* Model */,
				232CC03127A0323B00040131 /* ViewModel */,
				232CC03227A0324000040131 /* View */,
				232CC02D27A0321500040131 /* Cell */,
			);
			path = Home;
			sourceTree = "<group>";
		};
		232CC02D27A0321500040131 /* Cell */ = {
			isa = PBXGroup;
			children = (
				232CC02F27A0321E00040131 /* CVC */,
				232CC02E27A0321900040131 /* TVC */,
			);
			path = Cell;
			sourceTree = "<group>";
		};
		232CC02E27A0321900040131 /* TVC */ = {
			isa = PBXGroup;
			children = (
				232CC03F27A0328B00040131 /* d.swift */,
			);
			path = TVC;
			sourceTree = "<group>";
		};
		232CC02F27A0321E00040131 /* CVC */ = {
			isa = PBXGroup;
			children = (
				232CC03D27A0328600040131 /* c.swift */,
			);
			path = CVC;
			sourceTree = "<group>";
		};
		232CC03027A0322200040131 /* Model */ = {
			isa = PBXGroup;
			children = (
				232CC03B27A0328000040131 /* HomeModel.swift */,
			);
			path = Model;
			sourceTree = "<group>";
		};
		232CC03127A0323B00040131 /* ViewModel */ = {
			isa = PBXGroup;
			children = (
				232CC03927A0327B00040131 /* HomeVM.swift */,
				62654E6027C7825700A48363 /* WriteDiaryVM.swift */,
			);
			path = ViewModel;
			sourceTree = "<group>";
		};
		232CC03227A0324000040131 /* View */ = {
			isa = PBXGroup;
			children = (
				624C458727BD11A6000A37DF /* Shared */,
				232CC03327A0324800040131 /* Controller */,
				232CC03427A0324D00040131 /* Storyboard */,
			);
			path = View;
			sourceTree = "<group>";
		};
		232CC03327A0324800040131 /* Controller */ = {
			isa = PBXGroup;
			children = (
				232CC03527A0326500040131 /* HomeVC.swift */,
				624C457D27BCDA24000A37DF /* DiaryVC.swift */,
				624C458B27BD1D80000A37DF /* WriteDiaryVC.swift */,
				622D51CA27BEB54400F59679 /* HomeNC.swift */,
				622D51CE27BEBC8700F59679 /* HomeAlarmTVC.swift */,
			);
			path = Controller;
			sourceTree = "<group>";
		};
		232CC03427A0324D00040131 /* Storyboard */ = {
			isa = PBXGroup;
			children = (
				232CC03727A0326C00040131 /* Home.storyboard */,
				624C457F27BCDA30000A37DF /* Diary.storyboard */,
				624C458D27BD1DA2000A37DF /* WriteDiary.storyboard */,
				622D51CC27BEBC7000F59679 /* HomeAlarm.storyboard */,
			);
			path = Storyboard;
			sourceTree = "<group>";
		};
		232CC04127A0329400040131 /* Cell */ = {
			isa = PBXGroup;
			children = (
				232CC04327A0329C00040131 /* CVC */,
				232CC04227A0329700040131 /* TVC */,
			);
			path = Cell;
			sourceTree = "<group>";
		};
		232CC04227A0329700040131 /* TVC */ = {
			isa = PBXGroup;
			children = (
				238CEEA927A7EFD0006BE766 /* PostTVC.swift */,
				2323030027B027CE00E20078 /* CommentCountTVC.swift */,
				2302A61027C4FB6200B03A49 /* HistoryTVC.swift */,
			);
			path = TVC;
			sourceTree = "<group>";
		};
		232CC04327A0329C00040131 /* CVC */ = {
			isa = PBXGroup;
			children = (
			);
			path = CVC;
			sourceTree = "<group>";
		};
		232CC04427A032A000040131 /* Model */ = {
			isa = PBXGroup;
			children = (
				238CEEAD27A7F577006BE766 /* PostModel.swift */,
				23B4DEC627C74E1A0051ED87 /* ImagesModel.swift */,
				233FE3CF27C40AEE00A1A8C3 /* CommentModel.swift */,
				2343A66F27C7FDBE00117742 /* SearchKeywordModel.swift */,
				2343A67127C8126600117742 /* SearchedResultModel.swift */,
				2335241227A98D57009C654F /* PostDataSource.swift */,
				23DC8F9F27B95F3C00F79EF4 /* PostManager.swift */,
			);
			path = Model;
			sourceTree = "<group>";
		};
		232CC04527A032A600040131 /* ViewModel */ = {
			isa = PBXGroup;
			children = (
				23DC8F9227B8E35400F79EF4 /* CommunityVM.swift */,
			);
			path = ViewModel;
			sourceTree = "<group>";
		};
		232CC04627A032AB00040131 /* View */ = {
			isa = PBXGroup;
			children = (
				2335241427A98F44009C654F /* Shared */,
				232CC04827A032BD00040131 /* Storyboard */,
				232CC04727A032B800040131 /* Controller */,
			);
			path = View;
			sourceTree = "<group>";
		};
		232CC04727A032B800040131 /* Controller */ = {
			isa = PBXGroup;
			children = (
				232CC04927A032CF00040131 /* CommunityVC.swift */,
				238CEE9F27A7DEA0006BE766 /* CommunityNC.swift */,
				238CEEA527A7E705006BE766 /* CategoryVC.swift */,
				238EC09727AA4C4A001CBB24 /* AddPostVC.swift */,
				238EC09B27AA7295001CBB24 /* SearchPostVC.swift */,
				233B636A27AF9D9D00914F60 /* PostDetailVC.swift */,
				2387375327C67E480060971E /* UserPostListVC.swift */,
			);
			path = Controller;
			sourceTree = "<group>";
		};
		232CC04827A032BD00040131 /* Storyboard */ = {
			isa = PBXGroup;
			children = (
				232CC04B27A032D700040131 /* Community.storyboard */,
				238CEEA327A7E6F1006BE766 /* Category.storyboard */,
				238EC09527AA4C3B001CBB24 /* AddPost.storyboard */,
				238EC09927AA7288001CBB24 /* SearchPost.storyboard */,
				233B636827AF9D8C00914F60 /* PostDetail.storyboard */,
				2387375127C67E3F0060971E /* UserPostList.storyboard */,
			);
			path = Storyboard;
			sourceTree = "<group>";
		};
		232CC05527A0330500040131 /* Cell */ = {
			isa = PBXGroup;
			children = (
				232CC05727A0330C00040131 /* CVC */,
				232CC05627A0330800040131 /* TVC */,
			);
			path = Cell;
			sourceTree = "<group>";
		};
		232CC05627A0330800040131 /* TVC */ = {
			isa = PBXGroup;
			children = (
				232CC06727A0336600040131 /* l.swift */,
			);
			path = TVC;
			sourceTree = "<group>";
		};
		232CC05727A0330C00040131 /* CVC */ = {
			isa = PBXGroup;
			children = (
				232CC06527A0336100040131 /* k.swift */,
			);
			path = CVC;
			sourceTree = "<group>";
		};
		232CC05827A0330F00040131 /* Model */ = {
			isa = PBXGroup;
			children = (
				232CC06327A0335C00040131 /* j.swift */,
			);
			path = Model;
			sourceTree = "<group>";
		};
		232CC05927A0331400040131 /* ViewModel */ = {
			isa = PBXGroup;
			children = (
				232CC06127A0335500040131 /* i.swift */,
			);
			path = ViewModel;
			sourceTree = "<group>";
		};
		232CC05A27A0331900040131 /* View */ = {
			isa = PBXGroup;
			children = (
				232CC05C27A0332400040131 /* Storyboard */,
				232CC05B27A0331F00040131 /* Controller */,
			);
			path = View;
			sourceTree = "<group>";
		};
		232CC05B27A0331F00040131 /* Controller */ = {
			isa = PBXGroup;
			children = (
				232CC05D27A0333500040131 /* MypageVC.swift */,
			);
			path = Controller;
			sourceTree = "<group>";
		};
		232CC05C27A0332400040131 /* Storyboard */ = {
			isa = PBXGroup;
			children = (
				232CC05F27A0334100040131 /* Mypage.storyboard */,
			);
			path = Storyboard;
			sourceTree = "<group>";
		};
		232CC06B27A0362900040131 /* Global */ = {
			isa = PBXGroup;
			children = (
				62BE209727A67995001F150A /* Service */,
				62BE208E27A66F04001F150A /* Network */,
				232CC06F27A0364300040131 /* Factory */,
				232CC06E27A0363C00040131 /* Struct */,
				232CC08427A038D600040131 /* Extension */,
				232CC06C27A0363200040131 /* Font */,
			);
			path = Global;
			sourceTree = "<group>";
		};
		232CC06C27A0363200040131 /* Font */ = {
			isa = PBXGroup;
			children = (
				2356305127BFA1CC0032E520 /* SpoqaHanSansNeo-Bold.otf */,
				2356305227BFA1CC0032E520 /* SpoqaHanSansNeo-Light.otf */,
				2356305527BFA1CC0032E520 /* SpoqaHanSansNeo-Medium.otf */,
				2356305427BFA1CC0032E520 /* SpoqaHanSansNeo-Regular.otf */,
				2356305327BFA1CC0032E520 /* SpoqaHanSansNeo-Thin.otf */,
			);
			path = Font;
			sourceTree = "<group>";
		};
		232CC06E27A0363C00040131 /* Struct */ = {
			isa = PBXGroup;
			children = (
				232CC07027A0367C00040131 /* Identifiers.swift */,
			);
			path = Struct;
			sourceTree = "<group>";
		};
		232CC06F27A0364300040131 /* Factory */ = {
			isa = PBXGroup;
			children = (
				232CC07227A036FC00040131 /* StoryboardRepresentation.swift */,
				232CC07427A0370D00040131 /* TypeOfViewController.swift */,
				232CC07627A0372300040131 /* ViewControllerFactory.swift */,
			);
			path = Factory;
			sourceTree = "<group>";
		};
		232CC08427A038D600040131 /* Extension */ = {
			isa = PBXGroup;
			children = (
				232CC08627A038FB00040131 /* UIColor+.swift */,
				232CC08827A0390B00040131 /* UIFont+.swift */,
				62E2BDFB27AD41620052DDCE /* UIImage+.swift */,
				2305120C27AEE52100CF7FCF /* UIButton+.swift */,
				232302FE27AFD18000E20078 /* UITextView+.swift */,
				62BE209F27A8F1A0001F150A /* UIViewController+.swift */,
				23A56BD927B3F8BA00959269 /* UILabel+.swift */,
				2323030827B035ED00E20078 /* UITextField+.swift */,
				236C98DD27B239C200CE1EFD /* UIView+.swift */,
				622D07BF27ABF12E00707E47 /* KeychainWrapper+.swift */,
				238CEEA127A7DFCF006BE766 /* NavigationController+.swift */,
				627E1A8E27AEAD7D005C1777 /* Array+.swift */,
				623DE2F827B26581005E78D0 /* UIView+.swift */,
				23BCDC2B27C211D300054334 /* Notification+Name.swift */,
			);
			path = Extension;
			sourceTree = "<group>";
		};
		232CC09E27A03B1900040131 /* TabBar */ = {
			isa = PBXGroup;
			children = (
				232CC0A027A03B3200040131 /* Storyboard */,
				232CC09F27A03B2600040131 /* Controller */,
			);
			path = TabBar;
			sourceTree = "<group>";
		};
		232CC09F27A03B2600040131 /* Controller */ = {
			isa = PBXGroup;
			children = (
				232CC0A327A03B8F00040131 /* ITZZATBC.swift */,
			);
			path = Controller;
			sourceTree = "<group>";
		};
		232CC0A027A03B3200040131 /* Storyboard */ = {
			isa = PBXGroup;
			children = (
				232CC0A127A03B4100040131 /* TabBar.storyboard */,
			);
			path = Storyboard;
			sourceTree = "<group>";
		};
		2335241427A98F44009C654F /* Shared */ = {
			isa = PBXGroup;
			children = (
				236C65D927C0C905001ABEC3 /* Xib */,
				236C65DA27C0C90B001ABEC3 /* XibController */,
			);
			name = Shared;
			path = ..;
			sourceTree = "<group>";
		};
		236C65D927C0C905001ABEC3 /* Xib */ = {
			isa = PBXGroup;
			children = (
				2335241627A98FA0009C654F /* ProfileHeaderView.xib */,
				2335241E27A99392009C654F /* PostButtonsView.xib */,
				232302FB27AFC13200E20078 /* CommentTVC.xib */,
				2323030327B02D9200E20078 /* ChatInputView.xib */,
				2368021227B2966800A4392B /* PostContentTableViewHeader.xib */,
				2327FD7C27C6730B007D65F4 /* SearchedUserTVC.xib */,
			);
			path = Xib;
			sourceTree = "<group>";
		};
		236C65DA27C0C90B001ABEC3 /* XibController */ = {
			isa = PBXGroup;
			children = (
				2335241527A98FA0009C654F /* ProfileHeaderView.swift */,
				2335241D27A99392009C654F /* PostButtonsView.swift */,
				232302FA27AFC13200E20078 /* CommentTVC.swift */,
				2323030227B02D9200E20078 /* ChatInputView.swift */,
				2368021027B2965B00A4392B /* PostContentTableViewHeader.swift */,
				23B66EBB27B813A500FC477D /* CategoryBottomSheetVC.swift */,
				2327FD7B27C6730B007D65F4 /* SearchedUserTVC.swift */,
				23B4DED027C772EC0051ED87 /* MenuBottomSheet.swift */,
			);
			path = XibController;
			sourceTree = "<group>";
		};
		2371332327BB997E0045AA75 /* Enum */ = {
			isa = PBXGroup;
			children = (
				623DE30627B5603A005E78D0 /* Literal.swift */,
				2376DA7527BA850700E4A0E8 /* CommunityType.swift */,
			);
			path = Enum;
			sourceTree = "<group>";
		};
		23765D6927C8DC9B0001D525 /* Onboarding */ = {
			isa = PBXGroup;
			children = (
				23765D6C27C8DCDD0001D525 /* Onboarding.storyboard */,
				23765D6A27C8DCAB0001D525 /* OnboardingVC.swift */,
			);
			path = Onboarding;
			sourceTree = "<group>";
		};
		6208CFD727A2539700F17603 /* Sign */ = {
			isa = PBXGroup;
			children = (
				62BE209C27A67F05001F150A /* Model */,
				6208CFDF27A2661300F17603 /* ViewModel */,
				6208CFDC27A258DE00F17603 /* View */,
			);
			path = Sign;
			sourceTree = "<group>";
		};
		6208CFD827A2549B00F17603 /* Storyboard */ = {
			isa = PBXGroup;
			children = (
				6208CFDA27A254B900F17603 /* SignIn.storyboard */,
				62E2BDF727ACFBD80052DDCE /* SignUp.storyboard */,
			);
			path = Storyboard;
			sourceTree = "<group>";
		};
		6208CFD927A254A800F17603 /* Controller */ = {
			isa = PBXGroup;
			children = (
				62BE208C27A590D0001F150A /* SignInVC.swift */,
				6270D40027ACE590004FD7A9 /* SignUpVC.swift */,
			);
			path = Controller;
			sourceTree = "<group>";
		};
		6208CFDC27A258DE00F17603 /* View */ = {
			isa = PBXGroup;
			children = (
				624C458527BD1169000A37DF /* Shared */,
				6208CFD927A254A800F17603 /* Controller */,
				6208CFD827A2549B00F17603 /* Storyboard */,
			);
			path = View;
			sourceTree = "<group>";
		};
		6208CFDF27A2661300F17603 /* ViewModel */ = {
			isa = PBXGroup;
			children = (
				6208CFE027A2662700F17603 /* SignInVM.swift */,
				62E2BDF927AD25CA0052DDCE /* SignUpVM.swift */,
				623DE30827B615EB005E78D0 /* EmailVM.swift */,
				623DE30E27B64F0C005E78D0 /* PasswordVM.swift */,
				623DE31027B65B27005E78D0 /* NicknameVM.swift */,
				62B0F55127B8090E008F8922 /* AgreementVM.swift */,
			);
			path = ViewModel;
			sourceTree = "<group>";
		};
		623DE30A27B616D6005E78D0 /* Validation */ = {
			isa = PBXGroup;
			children = (
				623DE30B27B616F7005E78D0 /* Validation.swift */,
			);
			path = Validation;
			sourceTree = "<group>";
		};
		624C458127BD0DC9000A37DF /* Xib */ = {
			isa = PBXGroup;
			children = (
				6254618527B152FC00184DA1 /* PasswordView.xib */,
				6254618727B1530500184DA1 /* NicknameView.xib */,
				623DE2F427B25225005E78D0 /* EmailView.xib */,
				623DE30027B3BA9E005E78D0 /* AgreementView.xib */,
			);
			path = Xib;
			sourceTree = "<group>";
		};
		624C458227BD0DEB000A37DF /* Xib */ = {
			isa = PBXGroup;
			children = (
				624C458327BD0E55000A37DF /* EmptyDiaryView.xib */,
				62654E5E27C75A6A00A48363 /* EmojiAnimationView.xib */,
				622C57D527C25FAF0011D833 /* EmotionView.xib */,
				622C57D727C26A0D0011D833 /* EmotionCVC.xib */,
			);
			path = Xib;
			sourceTree = "<group>";
		};
		624C458527BD1169000A37DF /* Shared */ = {
			isa = PBXGroup;
			children = (
				624C458627BD117F000A37DF /* XibController */,
				624C458127BD0DC9000A37DF /* Xib */,
			);
			path = Shared;
			sourceTree = "<group>";
		};
		624C458627BD117F000A37DF /* XibController */ = {
			isa = PBXGroup;
			children = (
				6254618127B152E300184DA1 /* PasswordView.swift */,
				6254618327B152EF00184DA1 /* NicknameView.swift */,
				623DE2F627B25367005E78D0 /* EmailView.swift */,
				623DE2FE27B3BA75005E78D0 /* AgreementView.swift */,
			);
			path = XibController;
			sourceTree = "<group>";
		};
		624C458727BD11A6000A37DF /* Shared */ = {
			isa = PBXGroup;
			children = (
				624C458827BD11B4000A37DF /* XibController */,
				624C458227BD0DEB000A37DF /* Xib */,
			);
			path = Shared;
			sourceTree = "<group>";
		};
		624C458827BD11B4000A37DF /* XibController */ = {
			isa = PBXGroup;
			children = (
				624C458927BD1221000A37DF /* EmptyDiaryView.swift */,
				622C57D327C25F8E0011D833 /* EmotionView.swift */,
				622C57D927C26A950011D833 /* EmotionCVC.swift */,
				62654E5C27C75A3600A48363 /* EmojiAnimationView.swift */,
			);
			path = XibController;
			sourceTree = "<group>";
		};
		62BE208E27A66F04001F150A /* Network */ = {
			isa = PBXGroup;
			children = (
				62BE208F27A66F34001F150A /* APISession.swift */,
				62BE209127A66F52001F150A /* APIService.swift */,
				62BE209327A66F60001F150A /* APIError.swift */,
			);
			path = Network;
			sourceTree = "<group>";
		};
		62BE209727A67995001F150A /* Service */ = {
			isa = PBXGroup;
			children = (
				62BE209827A679A2001F150A /* Service.swift */,
			);
			path = Service;
			sourceTree = "<group>";
		};
		62BE209C27A67F05001F150A /* Model */ = {
			isa = PBXGroup;
			children = (
				62BE209D27A67F15001F150A /* SignInModel.swift */,
				62A855E327B6AECD007BA12B /* NicknameModel.swift */,
				62183E2727B8E70A00F83815 /* SignUpModel.swift */,
				62D3B61727C53990001593CF /* UserInformation.swift */,
			);
			path = Model;
			sourceTree = "<group>";
		};
		62C4008527A51AC3002B3F33 /* Share */ = {
			isa = PBXGroup;
			children = (
				623DE30A27B616D6005E78D0 /* Validation */,
				62C4008927A51AFC002B3F33 /* Xib */,
				62C4008827A51AF2002B3F33 /* XibControllers */,
			);
			path = Share;
			sourceTree = "<group>";
		};
		62C4008827A51AF2002B3F33 /* XibControllers */ = {
			isa = PBXGroup;
			children = (
				238EC09D27AA88EC001CBB24 /* ImageAddBar.swift */,
				233B636C27AFAE2400914F60 /* PostContentView.swift */,
				23F3CBF527C119D100CEDC98 /* PostWriteView.swift */,
				236C9EA427C10D4600B0BADA /* ImageScrollView.swift */,
				235DCED427C13DA10034D4C1 /* ImageCollectionView.swift */,
				23EA4E3427BEB5BD0027E4DB /* AddedImageCVC.swift */,
				23B4DECC27C750B40051ED87 /* AlertView.swift */,
				23D56B4E27C607360000D3E5 /* TabView.swift */,
				23D56B5227C607B50000D3E5 /* TabCVC.swift */,
				23D56B5427C62FC10000D3E5 /* KeywordContentView.swift */,
				23D56B5827C6327D0000D3E5 /* KeywordContentCVC.swift */,
				23AEE7AF27C6481D00C79FF5 /* KeywordContentTVC.swift */,
			);
			path = XibControllers;
			sourceTree = "<group>";
		};
		62C4008927A51AFC002B3F33 /* Xib */ = {
			isa = PBXGroup;
			children = (
				238EC09E27AA88EC001CBB24 /* ImageAddBar.xib */,
				233B636E27AFAE3100914F60 /* PostContentView.xib */,
				23F3CBF627C119D100CEDC98 /* PostWriteView.xib */,
				236C9EA527C10D4600B0BADA /* ImageScrollView.xib */,
				235DCED527C13DA10034D4C1 /* ImageCollectionView.xib */,
				235DCED827C13E5D0034D4C1 /* AddedImageCVC.xib */,
				23B4DECD27C750B40051ED87 /* AlertView.xib */,
				23D56B4F27C607360000D3E5 /* TabView.xib */,
				23D56B5527C62FC10000D3E5 /* KeywordContentView.xib */,
				23D56B5927C6327D0000D3E5 /* KeywordContentCVC.xib */,
				23AEE7B027C6481D00C79FF5 /* KeywordContentTVC.xib */,
				2343A67427C8B18000117742 /* NoneSearchedContentTVC.xib */,
			);
			path = Xib;
			sourceTree = "<group>";
		};
		9B55279D0715D74085818E27 /* Pods */ = {
			isa = PBXGroup;
			children = (
				557F2FCE2D67BC938F058D88 /* Pods-ITZZA.debug.xcconfig */,
				31D68BDCB09FB35125D965C7 /* Pods-ITZZA.release.xcconfig */,
			);
			path = Pods;
			sourceTree = "<group>";
		};
		A9BA63A3F24005117626FEAA /* Frameworks */ = {
			isa = PBXGroup;
			children = (
				7B86A065F16EA791EF7DBAD0 /* Pods_ITZZA.framework */,
			);
			name = Frameworks;
			sourceTree = "<group>";
		};
/* End PBXGroup section */

/* Begin PBXNativeTarget section */
		232CC01027A0317900040131 /* ITZZA */ = {
			isa = PBXNativeTarget;
			buildConfigurationList = 232CC02527A0317900040131 /* Build configuration list for PBXNativeTarget "ITZZA" */;
			buildPhases = (
				6974BFF24537704DBA91E401 /* [CP] Check Pods Manifest.lock */,
				232CC00D27A0317900040131 /* Sources */,
				232CC00E27A0317900040131 /* Frameworks */,
				232CC00F27A0317900040131 /* Resources */,
				9B5C1F557A7D696F5F17E9F6 /* [CP] Embed Pods Frameworks */,
			);
			buildRules = (
			);
			dependencies = (
			);
			name = ITZZA;
			productName = ITZZA;
			productReference = 232CC01127A0317900040131 /* ITZZA.app */;
			productType = "com.apple.product-type.application";
		};
/* End PBXNativeTarget section */

/* Begin PBXProject section */
		232CC00927A0317900040131 /* Project object */ = {
			isa = PBXProject;
			attributes = {
				BuildIndependentTargetsInParallel = 1;
				LastSwiftUpdateCheck = 1310;
				LastUpgradeCheck = 1310;
				TargetAttributes = {
					232CC01027A0317900040131 = {
						CreatedOnToolsVersion = 13.1;
					};
				};
			};
			buildConfigurationList = 232CC00C27A0317900040131 /* Build configuration list for PBXProject "ITZZA" */;
			compatibilityVersion = "Xcode 13.0";
			developmentRegion = en;
			hasScannedForEncodings = 0;
			knownRegions = (
				en,
				Base,
			);
			mainGroup = 232CC00827A0317900040131;
			productRefGroup = 232CC01227A0317900040131 /* Products */;
			projectDirPath = "";
			projectRoot = "";
			targets = (
				232CC01027A0317900040131 /* ITZZA */,
			);
		};
/* End PBXProject section */

/* Begin PBXResourcesBuildPhase section */
		232CC00F27A0317900040131 /* Resources */ = {
			isa = PBXResourcesBuildPhase;
			buildActionMask = 2147483647;
			files = (
				623DE30527B55BFD005E78D0 /* Agreement.txt in Resources */,
				238CEEA427A7E6F1006BE766 /* Category.storyboard in Resources */,
				232CC0A227A03B4100040131 /* TabBar.storyboard in Resources */,
				6254618627B152FC00184DA1 /* PasswordView.xib in Resources */,
				2387375227C67E3F0060971E /* UserPostList.storyboard in Resources */,
				2356305727BFA1D10032E520 /* SpoqaHanSansNeo-Regular.otf in Resources */,
				2323030527B02D9200E20078 /* ChatInputView.xib in Resources */,
				23D56B5B27C6327D0000D3E5 /* KeywordContentCVC.xib in Resources */,
				62E2BDF827ACFBD80052DDCE /* SignUp.storyboard in Resources */,
				232CC02127A0317900040131 /* LaunchScreen.storyboard in Resources */,
				6208CFDB27A254B900F17603 /* SignIn.storyboard in Resources */,
				236C9EA727C10D4600B0BADA /* ImageScrollView.xib in Resources */,
				2356305827BFA1D10032E520 /* SpoqaHanSansNeo-Medium.otf in Resources */,
				23AEE7B227C6481D00C79FF5 /* KeywordContentTVC.xib in Resources */,
				233B636927AF9D8C00914F60 /* PostDetail.storyboard in Resources */,
				622C57D627C25FAF0011D833 /* EmotionView.xib in Resources */,
				2327FD7E27C6730B007D65F4 /* SearchedUserTVC.xib in Resources */,
				232CC06027A0334100040131 /* Mypage.storyboard in Resources */,
				23765D6D27C8DCDD0001D525 /* Onboarding.storyboard in Resources */,
				2343A67627C8B18000117742 /* NoneSearchedContentTVC.xib in Resources */,
				23D56B5127C607360000D3E5 /* TabView.xib in Resources */,
				2335241827A98FA0009C654F /* ProfileHeaderView.xib in Resources */,
				6254618827B1530500184DA1 /* NicknameView.xib in Resources */,
				232CC01E27A0317900040131 /* Assets.xcassets in Resources */,
				23B4DECF27C750B40051ED87 /* AlertView.xib in Resources */,
				624C458427BD0E55000A37DF /* EmptyDiaryView.xib in Resources */,
				624C458027BCDA30000A37DF /* Diary.storyboard in Resources */,
				622D51CD27BEBC7000F59679 /* HomeAlarm.storyboard in Resources */,
				235DCED927C13E5D0034D4C1 /* AddedImageCVC.xib in Resources */,
				238EC0A027AA88EC001CBB24 /* ImageAddBar.xib in Resources */,
				62654E5F27C75A6A00A48363 /* EmojiAnimationView.xib in Resources */,
				2368021327B2966800A4392B /* PostContentTableViewHeader.xib in Resources */,
				235DCED727C13DA10034D4C1 /* ImageCollectionView.xib in Resources */,
				2356305627BFA1D10032E520 /* SpoqaHanSansNeo-Bold.otf in Resources */,
				232302FD27AFC13200E20078 /* CommentTVC.xib in Resources */,
				238EC09A27AA7288001CBB24 /* SearchPost.storyboard in Resources */,
				2356305927BFA1D10032E520 /* SpoqaHanSansNeo-Thin.otf in Resources */,
				623DE30127B3BA9E005E78D0 /* AgreementView.xib in Resources */,
				622C57D827C26A0D0011D833 /* EmotionCVC.xib in Resources */,
				23F3CBF827C119D100CEDC98 /* PostWriteView.xib in Resources */,
				232CC04C27A032D700040131 /* Community.storyboard in Resources */,
				232CC03827A0326C00040131 /* Home.storyboard in Resources */,
				624C458E27BD1DA2000A37DF /* WriteDiary.storyboard in Resources */,
				233B636F27AFAE3100914F60 /* PostContentView.xib in Resources */,
				2356305A27BFA1D10032E520 /* SpoqaHanSansNeo-Light.otf in Resources */,
				2335242027A99392009C654F /* PostButtonsView.xib in Resources */,
				623DE2F527B25225005E78D0 /* EmailView.xib in Resources */,
				238EC09627AA4C3B001CBB24 /* AddPost.storyboard in Resources */,
				23D56B5727C62FC10000D3E5 /* KeywordContentView.xib in Resources */,
			);
			runOnlyForDeploymentPostprocessing = 0;
		};
/* End PBXResourcesBuildPhase section */

/* Begin PBXShellScriptBuildPhase section */
		6974BFF24537704DBA91E401 /* [CP] Check Pods Manifest.lock */ = {
			isa = PBXShellScriptBuildPhase;
			buildActionMask = 2147483647;
			files = (
			);
			inputFileListPaths = (
			);
			inputPaths = (
				"${PODS_PODFILE_DIR_PATH}/Podfile.lock",
				"${PODS_ROOT}/Manifest.lock",
			);
			name = "[CP] Check Pods Manifest.lock";
			outputFileListPaths = (
			);
			outputPaths = (
				"$(DERIVED_FILE_DIR)/Pods-ITZZA-checkManifestLockResult.txt",
			);
			runOnlyForDeploymentPostprocessing = 0;
			shellPath = /bin/sh;
			shellScript = "diff \"${PODS_PODFILE_DIR_PATH}/Podfile.lock\" \"${PODS_ROOT}/Manifest.lock\" > /dev/null\nif [ $? != 0 ] ; then\n    # print error to STDERR\n    echo \"error: The sandbox is not in sync with the Podfile.lock. Run 'pod install' or update your CocoaPods installation.\" >&2\n    exit 1\nfi\n# This output is used by Xcode 'outputs' to avoid re-running this script phase.\necho \"SUCCESS\" > \"${SCRIPT_OUTPUT_FILE_0}\"\n";
			showEnvVarsInLog = 0;
		};
		9B5C1F557A7D696F5F17E9F6 /* [CP] Embed Pods Frameworks */ = {
			isa = PBXShellScriptBuildPhase;
			buildActionMask = 2147483647;
			files = (
			);
			inputFileListPaths = (
				"${PODS_ROOT}/Target Support Files/Pods-ITZZA/Pods-ITZZA-frameworks-${CONFIGURATION}-input-files.xcfilelist",
			);
			name = "[CP] Embed Pods Frameworks";
			outputFileListPaths = (
				"${PODS_ROOT}/Target Support Files/Pods-ITZZA/Pods-ITZZA-frameworks-${CONFIGURATION}-output-files.xcfilelist",
			);
			runOnlyForDeploymentPostprocessing = 0;
			shellPath = /bin/sh;
			shellScript = "\"${PODS_ROOT}/Target Support Files/Pods-ITZZA/Pods-ITZZA-frameworks.sh\"\n";
			showEnvVarsInLog = 0;
		};
/* End PBXShellScriptBuildPhase section */

/* Begin PBXSourcesBuildPhase section */
		232CC00D27A0317900040131 /* Sources */ = {
			isa = PBXSourcesBuildPhase;
			buildActionMask = 2147483647;
			files = (
				233B636D27AFAE2400914F60 /* PostContentView.swift in Sources */,
				238CEEA627A7E705006BE766 /* CategoryVC.swift in Sources */,
				624C458C27BD1D80000A37DF /* WriteDiaryVC.swift in Sources */,
				6254618227B152E300184DA1 /* PasswordView.swift in Sources */,
				2305120D27AEE52100CF7FCF /* UIButton+.swift in Sources */,
				232CC03627A0326500040131 /* HomeVC.swift in Sources */,
				232CC07327A036FC00040131 /* StoryboardRepresentation.swift in Sources */,
				62BE209227A66F52001F150A /* APIService.swift in Sources */,
				2323030427B02D9200E20078 /* ChatInputView.swift in Sources */,
				62BE209E27A67F15001F150A /* SignInModel.swift in Sources */,
				232CC04A27A032CF00040131 /* CommunityVC.swift in Sources */,
				622D07C027ABF12E00707E47 /* KeychainWrapper+.swift in Sources */,
				232CC07127A0367C00040131 /* Identifiers.swift in Sources */,
				232CC05E27A0333500040131 /* MypageVC.swift in Sources */,
				6208CFE127A2662700F17603 /* SignInVM.swift in Sources */,
				62E2BDFA27AD25CA0052DDCE /* SignUpVM.swift in Sources */,
				623DE30C27B616F7005E78D0 /* Validation.swift in Sources */,
				2343A67027C7FDBE00117742 /* SearchKeywordModel.swift in Sources */,
				233FE3D027C40AEE00A1A8C3 /* CommentModel.swift in Sources */,
				623DE2F727B25367005E78D0 /* EmailView.swift in Sources */,
				62654E5D27C75A3600A48363 /* EmojiAnimationView.swift in Sources */,
				2335241F27A99392009C654F /* PostButtonsView.swift in Sources */,
				236C98DE27B239C200CE1EFD /* UIView+.swift in Sources */,
				6208CFDE27A258F600F17603 /* (null) in Sources */,
				622D51CF27BEBC8700F59679 /* HomeAlarmTVC.swift in Sources */,
				627E1A8F27AEAD7D005C1777 /* Array+.swift in Sources */,
				23BCDC2C27C211D300054334 /* Notification+Name.swift in Sources */,
				238EC09827AA4C4A001CBB24 /* AddPostVC.swift in Sources */,
				2335241727A98FA0009C654F /* ProfileHeaderView.swift in Sources */,
				233B636B27AF9D9D00914F60 /* PostDetailVC.swift in Sources */,
				232302FC27AFC13200E20078 /* CommentTVC.swift in Sources */,
				6208CFE127A2662700F17603 /* SignInVM.swift in Sources */,
				623DE31127B65B27005E78D0 /* NicknameVM.swift in Sources */,
				23A56BDA27B3F8BA00959269 /* UILabel+.swift in Sources */,
				2368021127B2965B00A4392B /* PostContentTableViewHeader.swift in Sources */,
				62654E6127C7825700A48363 /* WriteDiaryVM.swift in Sources */,
				2323030927B035ED00E20078 /* UITextField+.swift in Sources */,
				622D51CB27BEB54400F59679 /* HomeNC.swift in Sources */,
				23765D6B27C8DCAB0001D525 /* OnboardingVC.swift in Sources */,
				232CC07527A0370D00040131 /* TypeOfViewController.swift in Sources */,
				623DE30727B5603A005E78D0 /* Literal.swift in Sources */,
				62E2BDFC27AD41620052DDCE /* UIImage+.swift in Sources */,
				238EC09C27AA7295001CBB24 /* SearchPostVC.swift in Sources */,
				232CC06627A0336100040131 /* k.swift in Sources */,
				23EA4E3527BEB5BD0027E4DB /* AddedImageCVC.swift in Sources */,
				2323030127B027CE00E20078 /* CommentCountTVC.swift in Sources */,
				232CC06827A0336600040131 /* l.swift in Sources */,
				23B66EBC27B813A500FC477D /* CategoryBottomSheetVC.swift in Sources */,
				62BE209027A66F34001F150A /* APISession.swift in Sources */,
				62D3B61827C53990001593CF /* UserInformation.swift in Sources */,
				236C9EA627C10D4600B0BADA /* ImageScrollView.swift in Sources */,
				23D56B5627C62FC10000D3E5 /* KeywordContentView.swift in Sources */,
				2335241327A98D57009C654F /* PostDataSource.swift in Sources */,
				232CC08927A0390B00040131 /* UIFont+.swift in Sources */,
				624C458A27BD1221000A37DF /* EmptyDiaryView.swift in Sources */,
				238CEEA227A7DFCF006BE766 /* NavigationController+.swift in Sources */,
				238CEEAE27A7F577006BE766 /* PostModel.swift in Sources */,
				232CC01527A0317900040131 /* AppDelegate.swift in Sources */,
				624C457E27BCDA24000A37DF /* DiaryVC.swift in Sources */,
				238CEEA027A7DEA0006BE766 /* CommunityNC.swift in Sources */,
				6254618427B152EF00184DA1 /* NicknameView.swift in Sources */,
				232CC06427A0335C00040131 /* j.swift in Sources */,
				2376DA7627BA850700E4A0E8 /* CommunityType.swift in Sources */,
				232CC08727A038FB00040131 /* UIColor+.swift in Sources */,
				232CC07727A0372300040131 /* ViewControllerFactory.swift in Sources */,
				232CC0A427A03B8F00040131 /* ITZZATBC.swift in Sources */,
				23B4DEC727C74E1A0051ED87 /* ImagesModel.swift in Sources */,
				62BE209427A66F60001F150A /* APIError.swift in Sources */,
				62BE209927A679A2001F150A /* Service.swift in Sources */,
				23B4DECE27C750B40051ED87 /* AlertView.swift in Sources */,
				23DC8F9327B8E35400F79EF4 /* CommunityVM.swift in Sources */,
				62B0F55227B8090E008F8922 /* AgreementVM.swift in Sources */,
				62A855E427B6AECD007BA12B /* NicknameModel.swift in Sources */,
				2302A61127C4FB6200B03A49 /* HistoryTVC.swift in Sources */,
				62183E2827B8E70A00F83815 /* SignUpModel.swift in Sources */,
				23B4DED127C772EC0051ED87 /* MenuBottomSheet.swift in Sources */,
				623DE30927B615EB005E78D0 /* EmailVM.swift in Sources */,
				238EC09F27AA88EC001CBB24 /* ImageAddBar.swift in Sources */,
				23D56B5327C607B50000D3E5 /* TabCVC.swift in Sources */,
				232CC03E27A0328600040131 /* c.swift in Sources */,
				6270D40127ACE590004FD7A9 /* SignUpVC.swift in Sources */,
				62BE20A027A8F1A0001F150A /* UIViewController+.swift in Sources */,
				232302FF27AFD18000E20078 /* UITextView+.swift in Sources */,
				232CC03A27A0327B00040131 /* HomeVM.swift in Sources */,
				622C57DA27C26A950011D833 /* EmotionCVC.swift in Sources */,
				238CEEAA27A7EFD0006BE766 /* PostTVC.swift in Sources */,
				232CC06227A0335500040131 /* i.swift in Sources */,
				623DE2FF27B3BA75005E78D0 /* AgreementView.swift in Sources */,
				23D56B5027C607360000D3E5 /* TabView.swift in Sources */,
				235DCED627C13DA10034D4C1 /* ImageCollectionView.swift in Sources */,
				623DE30F27B64F0C005E78D0 /* PasswordVM.swift in Sources */,
				622C57D427C25F8E0011D833 /* EmotionView.swift in Sources */,
				232CC03C27A0328000040131 /* HomeModel.swift in Sources */,
				62BE208D27A590D0001F150A /* SignInVC.swift in Sources */,
				2343A67227C8126600117742 /* SearchedResultModel.swift in Sources */,
				2327FD7D27C6730B007D65F4 /* SearchedUserTVC.swift in Sources */,
				23DC8FA027B95F3C00F79EF4 /* PostManager.swift in Sources */,
				23AEE7B127C6481D00C79FF5 /* KeywordContentTVC.swift in Sources */,
				2387375427C67E480060971E /* UserPostListVC.swift in Sources */,
				623DE2F927B26581005E78D0 /* UIView+.swift in Sources */,
				23F3CBF727C119D100CEDC98 /* PostWriteView.swift in Sources */,
				23D56B5A27C6327D0000D3E5 /* KeywordContentCVC.swift in Sources */,
				232CC04027A0328B00040131 /* d.swift in Sources */,
			);
			runOnlyForDeploymentPostprocessing = 0;
		};
/* End PBXSourcesBuildPhase section */

/* Begin PBXVariantGroup section */
		232CC01F27A0317900040131 /* LaunchScreen.storyboard */ = {
			isa = PBXVariantGroup;
			children = (
				232CC02027A0317900040131 /* Base */,
			);
			name = LaunchScreen.storyboard;
			sourceTree = "<group>";
		};
/* End PBXVariantGroup section */

/* Begin XCBuildConfiguration section */
		232CC02327A0317900040131 /* Debug */ = {
			isa = XCBuildConfiguration;
			buildSettings = {
				ALWAYS_SEARCH_USER_PATHS = NO;
				CLANG_ANALYZER_NONNULL = YES;
				CLANG_ANALYZER_NUMBER_OBJECT_CONVERSION = YES_AGGRESSIVE;
				CLANG_CXX_LANGUAGE_STANDARD = "gnu++17";
				CLANG_CXX_LIBRARY = "libc++";
				CLANG_ENABLE_MODULES = YES;
				CLANG_ENABLE_OBJC_ARC = YES;
				CLANG_ENABLE_OBJC_WEAK = YES;
				CLANG_WARN_BLOCK_CAPTURE_AUTORELEASING = YES;
				CLANG_WARN_BOOL_CONVERSION = YES;
				CLANG_WARN_COMMA = YES;
				CLANG_WARN_CONSTANT_CONVERSION = YES;
				CLANG_WARN_DEPRECATED_OBJC_IMPLEMENTATIONS = YES;
				CLANG_WARN_DIRECT_OBJC_ISA_USAGE = YES_ERROR;
				CLANG_WARN_DOCUMENTATION_COMMENTS = YES;
				CLANG_WARN_EMPTY_BODY = YES;
				CLANG_WARN_ENUM_CONVERSION = YES;
				CLANG_WARN_INFINITE_RECURSION = YES;
				CLANG_WARN_INT_CONVERSION = YES;
				CLANG_WARN_NON_LITERAL_NULL_CONVERSION = YES;
				CLANG_WARN_OBJC_IMPLICIT_RETAIN_SELF = YES;
				CLANG_WARN_OBJC_LITERAL_CONVERSION = YES;
				CLANG_WARN_OBJC_ROOT_CLASS = YES_ERROR;
				CLANG_WARN_QUOTED_INCLUDE_IN_FRAMEWORK_HEADER = YES;
				CLANG_WARN_RANGE_LOOP_ANALYSIS = YES;
				CLANG_WARN_STRICT_PROTOTYPES = YES;
				CLANG_WARN_SUSPICIOUS_MOVE = YES;
				CLANG_WARN_UNGUARDED_AVAILABILITY = YES_AGGRESSIVE;
				CLANG_WARN_UNREACHABLE_CODE = YES;
				CLANG_WARN__DUPLICATE_METHOD_MATCH = YES;
				COPY_PHASE_STRIP = NO;
				DEBUG_INFORMATION_FORMAT = dwarf;
				ENABLE_STRICT_OBJC_MSGSEND = YES;
				ENABLE_TESTABILITY = YES;
				GCC_C_LANGUAGE_STANDARD = gnu11;
				GCC_DYNAMIC_NO_PIC = NO;
				GCC_NO_COMMON_BLOCKS = YES;
				GCC_OPTIMIZATION_LEVEL = 0;
				GCC_PREPROCESSOR_DEFINITIONS = (
					"DEBUG=1",
					"$(inherited)",
				);
				GCC_WARN_64_TO_32_BIT_CONVERSION = YES;
				GCC_WARN_ABOUT_RETURN_TYPE = YES_ERROR;
				GCC_WARN_UNDECLARED_SELECTOR = YES;
				GCC_WARN_UNINITIALIZED_AUTOS = YES_AGGRESSIVE;
				GCC_WARN_UNUSED_FUNCTION = YES;
				GCC_WARN_UNUSED_VARIABLE = YES;
				IPHONEOS_DEPLOYMENT_TARGET = 15.0;
				MTL_ENABLE_DEBUG_INFO = INCLUDE_SOURCE;
				MTL_FAST_MATH = YES;
				ONLY_ACTIVE_ARCH = YES;
				SDKROOT = iphoneos;
				SWIFT_ACTIVE_COMPILATION_CONDITIONS = DEBUG;
				SWIFT_OPTIMIZATION_LEVEL = "-Onone";
			};
			name = Debug;
		};
		232CC02427A0317900040131 /* Release */ = {
			isa = XCBuildConfiguration;
			buildSettings = {
				ALWAYS_SEARCH_USER_PATHS = NO;
				CLANG_ANALYZER_NONNULL = YES;
				CLANG_ANALYZER_NUMBER_OBJECT_CONVERSION = YES_AGGRESSIVE;
				CLANG_CXX_LANGUAGE_STANDARD = "gnu++17";
				CLANG_CXX_LIBRARY = "libc++";
				CLANG_ENABLE_MODULES = YES;
				CLANG_ENABLE_OBJC_ARC = YES;
				CLANG_ENABLE_OBJC_WEAK = YES;
				CLANG_WARN_BLOCK_CAPTURE_AUTORELEASING = YES;
				CLANG_WARN_BOOL_CONVERSION = YES;
				CLANG_WARN_COMMA = YES;
				CLANG_WARN_CONSTANT_CONVERSION = YES;
				CLANG_WARN_DEPRECATED_OBJC_IMPLEMENTATIONS = YES;
				CLANG_WARN_DIRECT_OBJC_ISA_USAGE = YES_ERROR;
				CLANG_WARN_DOCUMENTATION_COMMENTS = YES;
				CLANG_WARN_EMPTY_BODY = YES;
				CLANG_WARN_ENUM_CONVERSION = YES;
				CLANG_WARN_INFINITE_RECURSION = YES;
				CLANG_WARN_INT_CONVERSION = YES;
				CLANG_WARN_NON_LITERAL_NULL_CONVERSION = YES;
				CLANG_WARN_OBJC_IMPLICIT_RETAIN_SELF = YES;
				CLANG_WARN_OBJC_LITERAL_CONVERSION = YES;
				CLANG_WARN_OBJC_ROOT_CLASS = YES_ERROR;
				CLANG_WARN_QUOTED_INCLUDE_IN_FRAMEWORK_HEADER = YES;
				CLANG_WARN_RANGE_LOOP_ANALYSIS = YES;
				CLANG_WARN_STRICT_PROTOTYPES = YES;
				CLANG_WARN_SUSPICIOUS_MOVE = YES;
				CLANG_WARN_UNGUARDED_AVAILABILITY = YES_AGGRESSIVE;
				CLANG_WARN_UNREACHABLE_CODE = YES;
				CLANG_WARN__DUPLICATE_METHOD_MATCH = YES;
				COPY_PHASE_STRIP = NO;
				DEBUG_INFORMATION_FORMAT = "dwarf-with-dsym";
				ENABLE_NS_ASSERTIONS = NO;
				ENABLE_STRICT_OBJC_MSGSEND = YES;
				GCC_C_LANGUAGE_STANDARD = gnu11;
				GCC_NO_COMMON_BLOCKS = YES;
				GCC_WARN_64_TO_32_BIT_CONVERSION = YES;
				GCC_WARN_ABOUT_RETURN_TYPE = YES_ERROR;
				GCC_WARN_UNDECLARED_SELECTOR = YES;
				GCC_WARN_UNINITIALIZED_AUTOS = YES_AGGRESSIVE;
				GCC_WARN_UNUSED_FUNCTION = YES;
				GCC_WARN_UNUSED_VARIABLE = YES;
				IPHONEOS_DEPLOYMENT_TARGET = 15.0;
				MTL_ENABLE_DEBUG_INFO = NO;
				MTL_FAST_MATH = YES;
				SDKROOT = iphoneos;
				SWIFT_COMPILATION_MODE = wholemodule;
				SWIFT_OPTIMIZATION_LEVEL = "-O";
				VALIDATE_PRODUCT = YES;
			};
			name = Release;
		};
		232CC02627A0317900040131 /* Debug */ = {
			isa = XCBuildConfiguration;
			baseConfigurationReference = 557F2FCE2D67BC938F058D88 /* Pods-ITZZA.debug.xcconfig */;
			buildSettings = {
				ASSETCATALOG_COMPILER_APPICON_NAME = AppIcon;
				ASSETCATALOG_COMPILER_GLOBAL_ACCENT_COLOR_NAME = AccentColor;
				CODE_SIGN_STYLE = Automatic;
				CURRENT_PROJECT_VERSION = 1;
				DEVELOPMENT_TEAM = U2Z5Z44P4R;
				GENERATE_INFOPLIST_FILE = YES;
				INFOPLIST_FILE = ITZZA/Support/Info.plist;
				INFOPLIST_KEY_NSPhotoLibraryUsageDescription = "";
				INFOPLIST_KEY_UIApplicationSupportsIndirectInputEvents = YES;
				INFOPLIST_KEY_UILaunchStoryboardName = LaunchScreen;
				INFOPLIST_KEY_UIMainStoryboardFile = SignIn;
				INFOPLIST_KEY_UISupportedInterfaceOrientations_iPad = "UIInterfaceOrientationPortrait UIInterfaceOrientationPortraitUpsideDown UIInterfaceOrientationLandscapeLeft UIInterfaceOrientationLandscapeRight";
				INFOPLIST_KEY_UISupportedInterfaceOrientations_iPhone = "UIInterfaceOrientationPortrait UIInterfaceOrientationLandscapeLeft UIInterfaceOrientationLandscapeRight";
				LD_RUNPATH_SEARCH_PATHS = (
					"$(inherited)",
					"@executable_path/Frameworks",
				);
				MARKETING_VERSION = 1.0;
				PRODUCT_BUNDLE_IDENTIFIER = com.WanSungHaZo.ITZZA;
				PRODUCT_NAME = "$(TARGET_NAME)";
				SWIFT_EMIT_LOC_STRINGS = YES;
				SWIFT_VERSION = 5.0;
				TARGETED_DEVICE_FAMILY = "1,2";
			};
			name = Debug;
		};
		232CC02727A0317900040131 /* Release */ = {
			isa = XCBuildConfiguration;
			baseConfigurationReference = 31D68BDCB09FB35125D965C7 /* Pods-ITZZA.release.xcconfig */;
			buildSettings = {
				ASSETCATALOG_COMPILER_APPICON_NAME = AppIcon;
				ASSETCATALOG_COMPILER_GLOBAL_ACCENT_COLOR_NAME = AccentColor;
				CODE_SIGN_STYLE = Automatic;
				CURRENT_PROJECT_VERSION = 1;
				DEVELOPMENT_TEAM = U2Z5Z44P4R;
				GENERATE_INFOPLIST_FILE = YES;
				INFOPLIST_FILE = ITZZA/Support/Info.plist;
				INFOPLIST_KEY_NSPhotoLibraryUsageDescription = "";
				INFOPLIST_KEY_UIApplicationSupportsIndirectInputEvents = YES;
				INFOPLIST_KEY_UILaunchStoryboardName = LaunchScreen;
				INFOPLIST_KEY_UIMainStoryboardFile = SignIn;
				INFOPLIST_KEY_UISupportedInterfaceOrientations_iPad = "UIInterfaceOrientationPortrait UIInterfaceOrientationPortraitUpsideDown UIInterfaceOrientationLandscapeLeft UIInterfaceOrientationLandscapeRight";
				INFOPLIST_KEY_UISupportedInterfaceOrientations_iPhone = "UIInterfaceOrientationPortrait UIInterfaceOrientationLandscapeLeft UIInterfaceOrientationLandscapeRight";
				LD_RUNPATH_SEARCH_PATHS = (
					"$(inherited)",
					"@executable_path/Frameworks",
				);
				MARKETING_VERSION = 1.0;
				PRODUCT_BUNDLE_IDENTIFIER = com.WanSungHaZo.ITZZA;
				PRODUCT_NAME = "$(TARGET_NAME)";
				SWIFT_EMIT_LOC_STRINGS = YES;
				SWIFT_VERSION = 5.0;
				TARGETED_DEVICE_FAMILY = "1,2";
			};
			name = Release;
		};
/* End XCBuildConfiguration section */

/* Begin XCConfigurationList section */
		232CC00C27A0317900040131 /* Build configuration list for PBXProject "ITZZA" */ = {
			isa = XCConfigurationList;
			buildConfigurations = (
				232CC02327A0317900040131 /* Debug */,
				232CC02427A0317900040131 /* Release */,
			);
			defaultConfigurationIsVisible = 0;
			defaultConfigurationName = Release;
		};
		232CC02527A0317900040131 /* Build configuration list for PBXNativeTarget "ITZZA" */ = {
			isa = XCConfigurationList;
			buildConfigurations = (
				232CC02627A0317900040131 /* Debug */,
				232CC02727A0317900040131 /* Release */,
			);
			defaultConfigurationIsVisible = 0;
			defaultConfigurationName = Release;
		};
/* End XCConfigurationList section */
	};
	rootObject = 232CC00927A0317900040131 /* Project object */;
}
